// !$*UTF8*$!
{
	archiveVersion = 1;
	classes = {
	};
	objectVersion = 50;
	objects = {

/* Begin PBXBuildFile section */
		2E94040020E3307600362878 /* Constants.swift in Sources */ = {isa = PBXBuildFile; fileRef = 2E9403FF20E3307600362878 /* Constants.swift */; };
		2E94040220E3458F00362878 /* ImageUploader.swift in Sources */ = {isa = PBXBuildFile; fileRef = 2E94040120E3458F00362878 /* ImageUploader.swift */; };
		2E94040420E3508700362878 /* SaveData.swift in Sources */ = {isa = PBXBuildFile; fileRef = 2E94040320E3508700362878 /* SaveData.swift */; };
		2E94040720E3528800362878 /* TabbarViewController.swift in Sources */ = {isa = PBXBuildFile; fileRef = 2E94040620E3528800362878 /* TabbarViewController.swift */; };
		2E94040920E3562200362878 /* UIImage+Resize.swift in Sources */ = {isa = PBXBuildFile; fileRef = 2E94040820E3562200362878 /* UIImage+Resize.swift */; };
		2E94040B20E36AD600362878 /* Common.storyboard in Resources */ = {isa = PBXBuildFile; fileRef = 2E94040A20E36AD600362878 /* Common.storyboard */; };
		2E94041120E36B7600362878 /* PickerViewController.swift in Sources */ = {isa = PBXBuildFile; fileRef = 2E94041020E36B7600362878 /* PickerViewController.swift */; };
		2E94041320E36B8400362878 /* PickerTableViewCell.swift in Sources */ = {isa = PBXBuildFile; fileRef = 2E94041220E36B8400362878 /* PickerTableViewCell.swift */; };
		2E94041620E370BD00362878 /* PlaceholderTextView.swift in Sources */ = {isa = PBXBuildFile; fileRef = 2E94041520E370BD00362878 /* PlaceholderTextView.swift */; };
		2E94041820E370CD00362878 /* PlaceholderTextField.swift in Sources */ = {isa = PBXBuildFile; fileRef = 2E94041720E370CD00362878 /* PlaceholderTextField.swift */; };
		2E94041A20E3711300362878 /* UIColor+Original.swift in Sources */ = {isa = PBXBuildFile; fileRef = 2E94041920E3711300362878 /* UIColor+Original.swift */; };
		2E94041C20E3746A00362878 /* SplashViewController.swift in Sources */ = {isa = PBXBuildFile; fileRef = 2E94041B20E3746A00362878 /* SplashViewController.swift */; };
		2E94041E20E3767D00362878 /* GuideRequester.swift in Sources */ = {isa = PBXBuildFile; fileRef = 2E94041D20E3767D00362878 /* GuideRequester.swift */; };
		2E94042120E37BF500362878 /* GuideViewController.swift in Sources */ = {isa = PBXBuildFile; fileRef = 2E94042020E37BF500362878 /* GuideViewController.swift */; };
		2E94042420E37C0B00362878 /* SearchViewController.swift in Sources */ = {isa = PBXBuildFile; fileRef = 2E94042320E37C0B00362878 /* SearchViewController.swift */; };
		2E94042720E37C2600362878 /* MessageViewController.swift in Sources */ = {isa = PBXBuildFile; fileRef = 2E94042620E37C2600362878 /* MessageViewController.swift */; };
		2E94042A20E37C3700362878 /* MyPageViewController.swift in Sources */ = {isa = PBXBuildFile; fileRef = 2E94042920E37C3700362878 /* MyPageViewController.swift */; };
		2E94042C20E37D5F00362878 /* Guide.storyboard in Resources */ = {isa = PBXBuildFile; fileRef = 2E94042B20E37D5F00362878 /* Guide.storyboard */; };
		2E94042E20E37D6900362878 /* Search.storyboard in Resources */ = {isa = PBXBuildFile; fileRef = 2E94042D20E37D6900362878 /* Search.storyboard */; };
		2E94043020E37D7200362878 /* Message.storyboard in Resources */ = {isa = PBXBuildFile; fileRef = 2E94042F20E37D7200362878 /* Message.storyboard */; };
		2E94043220E37D7A00362878 /* MyPage.storyboard in Resources */ = {isa = PBXBuildFile; fileRef = 2E94043120E37D7A00362878 /* MyPage.storyboard */; };
		2E94043420E37F3B00362878 /* GuideTableViewCell.swift in Sources */ = {isa = PBXBuildFile; fileRef = 2E94043320E37F3B00362878 /* GuideTableViewCell.swift */; };
		2E94043620E3811100362878 /* ImageStorage.swift in Sources */ = {isa = PBXBuildFile; fileRef = 2E94043520E3811100362878 /* ImageStorage.swift */; };
		2E94043820E3857A00362878 /* CommonUtility.swift in Sources */ = {isa = PBXBuildFile; fileRef = 2E94043720E3857A00362878 /* CommonUtility.swift */; };
		2E94043A20E386A200362878 /* EstimateRequester.swift in Sources */ = {isa = PBXBuildFile; fileRef = 2E94043920E386A200362878 /* EstimateRequester.swift */; };
		BB5059D920E262AD00491506 /* AppDelegate.swift in Sources */ = {isa = PBXBuildFile; fileRef = BB5059D820E262AD00491506 /* AppDelegate.swift */; };
		BB5059E020E262AE00491506 /* Assets.xcassets in Resources */ = {isa = PBXBuildFile; fileRef = BB5059DF20E262AE00491506 /* Assets.xcassets */; };
		BB5059E320E262AE00491506 /* LaunchScreen.storyboard in Resources */ = {isa = PBXBuildFile; fileRef = BB5059E120E262AE00491506 /* LaunchScreen.storyboard */; };
		BB5059EF20E2657000491506 /* UserSelectViewController.swift in Sources */ = {isa = PBXBuildFile; fileRef = BB5059EE20E2657000491506 /* UserSelectViewController.swift */; };
		BB5059F120E2658200491506 /* GuestRegisterViewController.swift in Sources */ = {isa = PBXBuildFile; fileRef = BB5059F020E2658200491506 /* GuestRegisterViewController.swift */; };
		BB5059F320E2658F00491506 /* GuideRegisterViewController.swift in Sources */ = {isa = PBXBuildFile; fileRef = BB5059F220E2658F00491506 /* GuideRegisterViewController.swift */; };
		BB5059F520E265A500491506 /* Initial.storyboard in Resources */ = {isa = PBXBuildFile; fileRef = BB5059F420E265A500491506 /* Initial.storyboard */; };
		BB5059F820E2675800491506 /* CALayer+Border.swift in Sources */ = {isa = PBXBuildFile; fileRef = BB5059F720E2675800491506 /* CALayer+Border.swift */; };
		BB5059FA20E2677200491506 /* String+Base64.swift in Sources */ = {isa = PBXBuildFile; fileRef = BB5059F920E2677200491506 /* String+Base64.swift */; };
		BB5059FC20E267B200491506 /* UIViewController+Scene.swift in Sources */ = {isa = PBXBuildFile; fileRef = BB5059FB20E267B200491506 /* UIViewController+Scene.swift */; };
		BB505A0220E26F8500491506 /* HttpManager.swift in Sources */ = {isa = PBXBuildFile; fileRef = BB505A0120E26F8500491506 /* HttpManager.swift */; };
		BB505A0420E26F8D00491506 /* ApiManager.swift in Sources */ = {isa = PBXBuildFile; fileRef = BB505A0320E26F8D00491506 /* ApiManager.swift */; };
		BB505A0720E2703C00491506 /* AccountRequester.swift in Sources */ = {isa = PBXBuildFile; fileRef = BB505A0620E2703C00491506 /* AccountRequester.swift */; };
		BBFEBB1320E4C33400C9F01C /* GuideDetailViewController.swift in Sources */ = {isa = PBXBuildFile; fileRef = BBFEBB1220E4C33400C9F01C /* GuideDetailViewController.swift */; };
		BBFEBB1520E4D60D00C9F01C /* MessageTableViewCell.swift in Sources */ = {isa = PBXBuildFile; fileRef = BBFEBB1420E4D60D00C9F01C /* MessageTableViewCell.swift */; };
		BBFEBB1820E4D6FE00C9F01C /* MessageDetailViewController.swift in Sources */ = {isa = PBXBuildFile; fileRef = BBFEBB1720E4D6FE00C9F01C /* MessageDetailViewController.swift */; };
		BBFEBB1A20E4D71300C9F01C /* MessageDetailLeftTableViewCell.swift in Sources */ = {isa = PBXBuildFile; fileRef = BBFEBB1920E4D71300C9F01C /* MessageDetailLeftTableViewCell.swift */; };
		BBFEBB1C20E4D72000C9F01C /* MessageDetailRightTableViewCell.swift in Sources */ = {isa = PBXBuildFile; fileRef = BBFEBB1B20E4D72000C9F01C /* MessageDetailRightTableViewCell.swift */; };
		BBFEBB1E20E4DD1400C9F01C /* MyPageReservationTitleTableViewCell.swift in Sources */ = {isa = PBXBuildFile; fileRef = BBFEBB1D20E4DD1400C9F01C /* MyPageReservationTitleTableViewCell.swift */; };
		BBFEBB2020E4DD3600C9F01C /* MyPageReservationTableViewCell.swift in Sources */ = {isa = PBXBuildFile; fileRef = BBFEBB1F20E4DD3600C9F01C /* MyPageReservationTableViewCell.swift */; };
		BBFEBB2220E4DD5800C9F01C /* MyPageButtonTableViewCell.swift in Sources */ = {isa = PBXBuildFile; fileRef = BBFEBB2120E4DD5800C9F01C /* MyPageButtonTableViewCell.swift */; };
		BBFEBB2420E4DFC300C9F01C /* BookViewController.swift in Sources */ = {isa = PBXBuildFile; fileRef = BBFEBB2320E4DFC300C9F01C /* BookViewController.swift */; };
		BBFEBB2620E4E0E900C9F01C /* CustomerReviewViewController.swift in Sources */ = {isa = PBXBuildFile; fileRef = BBFEBB2520E4E0E900C9F01C /* CustomerReviewViewController.swift */; };
		BBFEBB2820E4E14F00C9F01C /* MyPageReservationNoneTableViewCell.swift in Sources */ = {isa = PBXBuildFile; fileRef = BBFEBB2720E4E14F00C9F01C /* MyPageReservationNoneTableViewCell.swift */; };
		BBFEBB2A20E4E79C00C9F01C /* DateFormatter+Init.swift in Sources */ = {isa = PBXBuildFile; fileRef = BBFEBB2920E4E79C00C9F01C /* DateFormatter+Init.swift */; };
		BBFEBB2C20E504AB00C9F01C /* MessageRequester.swift in Sources */ = {isa = PBXBuildFile; fileRef = BBFEBB2B20E504AB00C9F01C /* MessageRequester.swift */; };
		BBFEBB2E20E50B9300C9F01C /* GuestRequester.swift in Sources */ = {isa = PBXBuildFile; fileRef = BBFEBB2D20E50B9300C9F01C /* GuestRequester.swift */; };
		BBFEBB3020E50D9900C9F01C /* KeyboardRespondableViewController.swift in Sources */ = {isa = PBXBuildFile; fileRef = BBFEBB2F20E50D9900C9F01C /* KeyboardRespondableViewController.swift */; };
		BBFEBB3220E5129100C9F01C /* Date+Util.swift in Sources */ = {isa = PBXBuildFile; fileRef = BBFEBB3120E5129100C9F01C /* Date+Util.swift */; };
/* End PBXBuildFile section */

/* Begin PBXFileReference section */
		2E9403FF20E3307600362878 /* Constants.swift */ = {isa = PBXFileReference; lastKnownFileType = sourcecode.swift; path = Constants.swift; sourceTree = "<group>"; };
		2E94040120E3458F00362878 /* ImageUploader.swift */ = {isa = PBXFileReference; lastKnownFileType = sourcecode.swift; path = ImageUploader.swift; sourceTree = "<group>"; };
		2E94040320E3508700362878 /* SaveData.swift */ = {isa = PBXFileReference; lastKnownFileType = sourcecode.swift; path = SaveData.swift; sourceTree = "<group>"; };
		2E94040620E3528800362878 /* TabbarViewController.swift */ = {isa = PBXFileReference; lastKnownFileType = sourcecode.swift; path = TabbarViewController.swift; sourceTree = "<group>"; };
		2E94040820E3562200362878 /* UIImage+Resize.swift */ = {isa = PBXFileReference; lastKnownFileType = sourcecode.swift; path = "UIImage+Resize.swift"; sourceTree = "<group>"; };
		2E94040A20E36AD600362878 /* Common.storyboard */ = {isa = PBXFileReference; lastKnownFileType = file.storyboard; path = Common.storyboard; sourceTree = "<group>"; };
		2E94041020E36B7600362878 /* PickerViewController.swift */ = {isa = PBXFileReference; lastKnownFileType = sourcecode.swift; path = PickerViewController.swift; sourceTree = "<group>"; };
		2E94041220E36B8400362878 /* PickerTableViewCell.swift */ = {isa = PBXFileReference; lastKnownFileType = sourcecode.swift; path = PickerTableViewCell.swift; sourceTree = "<group>"; };
		2E94041520E370BD00362878 /* PlaceholderTextView.swift */ = {isa = PBXFileReference; lastKnownFileType = sourcecode.swift; path = PlaceholderTextView.swift; sourceTree = "<group>"; };
		2E94041720E370CD00362878 /* PlaceholderTextField.swift */ = {isa = PBXFileReference; lastKnownFileType = sourcecode.swift; path = PlaceholderTextField.swift; sourceTree = "<group>"; };
		2E94041920E3711300362878 /* UIColor+Original.swift */ = {isa = PBXFileReference; lastKnownFileType = sourcecode.swift; path = "UIColor+Original.swift"; sourceTree = "<group>"; };
		2E94041B20E3746A00362878 /* SplashViewController.swift */ = {isa = PBXFileReference; lastKnownFileType = sourcecode.swift; path = SplashViewController.swift; sourceTree = "<group>"; };
		2E94041D20E3767D00362878 /* GuideRequester.swift */ = {isa = PBXFileReference; lastKnownFileType = sourcecode.swift; path = GuideRequester.swift; sourceTree = "<group>"; };
		2E94042020E37BF500362878 /* GuideViewController.swift */ = {isa = PBXFileReference; lastKnownFileType = sourcecode.swift; path = GuideViewController.swift; sourceTree = "<group>"; };
		2E94042320E37C0B00362878 /* SearchViewController.swift */ = {isa = PBXFileReference; lastKnownFileType = sourcecode.swift; path = SearchViewController.swift; sourceTree = "<group>"; };
		2E94042620E37C2600362878 /* MessageViewController.swift */ = {isa = PBXFileReference; lastKnownFileType = sourcecode.swift; path = MessageViewController.swift; sourceTree = "<group>"; };
		2E94042920E37C3700362878 /* MyPageViewController.swift */ = {isa = PBXFileReference; lastKnownFileType = sourcecode.swift; path = MyPageViewController.swift; sourceTree = "<group>"; };
		2E94042B20E37D5F00362878 /* Guide.storyboard */ = {isa = PBXFileReference; lastKnownFileType = file.storyboard; path = Guide.storyboard; sourceTree = "<group>"; };
		2E94042D20E37D6900362878 /* Search.storyboard */ = {isa = PBXFileReference; lastKnownFileType = file.storyboard; path = Search.storyboard; sourceTree = "<group>"; };
		2E94042F20E37D7200362878 /* Message.storyboard */ = {isa = PBXFileReference; lastKnownFileType = file.storyboard; path = Message.storyboard; sourceTree = "<group>"; };
		2E94043120E37D7A00362878 /* MyPage.storyboard */ = {isa = PBXFileReference; lastKnownFileType = file.storyboard; path = MyPage.storyboard; sourceTree = "<group>"; };
		2E94043320E37F3B00362878 /* GuideTableViewCell.swift */ = {isa = PBXFileReference; lastKnownFileType = sourcecode.swift; path = GuideTableViewCell.swift; sourceTree = "<group>"; };
		2E94043520E3811100362878 /* ImageStorage.swift */ = {isa = PBXFileReference; lastKnownFileType = sourcecode.swift; path = ImageStorage.swift; sourceTree = "<group>"; };
		2E94043720E3857A00362878 /* CommonUtility.swift */ = {isa = PBXFileReference; lastKnownFileType = sourcecode.swift; path = CommonUtility.swift; sourceTree = "<group>"; };
		2E94043920E386A200362878 /* EstimateRequester.swift */ = {isa = PBXFileReference; lastKnownFileType = sourcecode.swift; path = EstimateRequester.swift; sourceTree = "<group>"; };
		BB5059D520E262AD00491506 /* GuideMatching.app */ = {isa = PBXFileReference; explicitFileType = wrapper.application; includeInIndex = 0; path = GuideMatching.app; sourceTree = BUILT_PRODUCTS_DIR; };
		BB5059D820E262AD00491506 /* AppDelegate.swift */ = {isa = PBXFileReference; lastKnownFileType = sourcecode.swift; path = AppDelegate.swift; sourceTree = "<group>"; };
		BB5059DF20E262AE00491506 /* Assets.xcassets */ = {isa = PBXFileReference; lastKnownFileType = folder.assetcatalog; path = Assets.xcassets; sourceTree = "<group>"; };
		BB5059E220E262AE00491506 /* Base */ = {isa = PBXFileReference; lastKnownFileType = file.storyboard; name = Base; path = Base.lproj/LaunchScreen.storyboard; sourceTree = "<group>"; };
		BB5059E420E262AE00491506 /* Info.plist */ = {isa = PBXFileReference; lastKnownFileType = text.plist.xml; path = Info.plist; sourceTree = "<group>"; };
		BB5059EE20E2657000491506 /* UserSelectViewController.swift */ = {isa = PBXFileReference; lastKnownFileType = sourcecode.swift; path = UserSelectViewController.swift; sourceTree = "<group>"; };
		BB5059F020E2658200491506 /* GuestRegisterViewController.swift */ = {isa = PBXFileReference; lastKnownFileType = sourcecode.swift; path = GuestRegisterViewController.swift; sourceTree = "<group>"; };
		BB5059F220E2658F00491506 /* GuideRegisterViewController.swift */ = {isa = PBXFileReference; lastKnownFileType = sourcecode.swift; path = GuideRegisterViewController.swift; sourceTree = "<group>"; };
		BB5059F420E265A500491506 /* Initial.storyboard */ = {isa = PBXFileReference; lastKnownFileType = file.storyboard; path = Initial.storyboard; sourceTree = "<group>"; };
		BB5059F720E2675800491506 /* CALayer+Border.swift */ = {isa = PBXFileReference; lastKnownFileType = sourcecode.swift; path = "CALayer+Border.swift"; sourceTree = "<group>"; };
		BB5059F920E2677200491506 /* String+Base64.swift */ = {isa = PBXFileReference; lastKnownFileType = sourcecode.swift; path = "String+Base64.swift"; sourceTree = "<group>"; };
		BB5059FB20E267B200491506 /* UIViewController+Scene.swift */ = {isa = PBXFileReference; lastKnownFileType = sourcecode.swift; path = "UIViewController+Scene.swift"; sourceTree = "<group>"; };
		BB505A0120E26F8500491506 /* HttpManager.swift */ = {isa = PBXFileReference; lastKnownFileType = sourcecode.swift; path = HttpManager.swift; sourceTree = "<group>"; };
		BB505A0320E26F8D00491506 /* ApiManager.swift */ = {isa = PBXFileReference; lastKnownFileType = sourcecode.swift; path = ApiManager.swift; sourceTree = "<group>"; };
		BB505A0620E2703C00491506 /* AccountRequester.swift */ = {isa = PBXFileReference; lastKnownFileType = sourcecode.swift; path = AccountRequester.swift; sourceTree = "<group>"; };
		BBFEBB1220E4C33400C9F01C /* GuideDetailViewController.swift */ = {isa = PBXFileReference; lastKnownFileType = sourcecode.swift; path = GuideDetailViewController.swift; sourceTree = "<group>"; };
		BBFEBB1420E4D60D00C9F01C /* MessageTableViewCell.swift */ = {isa = PBXFileReference; lastKnownFileType = sourcecode.swift; path = MessageTableViewCell.swift; sourceTree = "<group>"; };
		BBFEBB1720E4D6FE00C9F01C /* MessageDetailViewController.swift */ = {isa = PBXFileReference; lastKnownFileType = sourcecode.swift; path = MessageDetailViewController.swift; sourceTree = "<group>"; };
		BBFEBB1920E4D71300C9F01C /* MessageDetailLeftTableViewCell.swift */ = {isa = PBXFileReference; lastKnownFileType = sourcecode.swift; path = MessageDetailLeftTableViewCell.swift; sourceTree = "<group>"; };
		BBFEBB1B20E4D72000C9F01C /* MessageDetailRightTableViewCell.swift */ = {isa = PBXFileReference; lastKnownFileType = sourcecode.swift; path = MessageDetailRightTableViewCell.swift; sourceTree = "<group>"; };
		BBFEBB1D20E4DD1400C9F01C /* MyPageReservationTitleTableViewCell.swift */ = {isa = PBXFileReference; lastKnownFileType = sourcecode.swift; path = MyPageReservationTitleTableViewCell.swift; sourceTree = "<group>"; };
		BBFEBB1F20E4DD3600C9F01C /* MyPageReservationTableViewCell.swift */ = {isa = PBXFileReference; lastKnownFileType = sourcecode.swift; path = MyPageReservationTableViewCell.swift; sourceTree = "<group>"; };
		BBFEBB2120E4DD5800C9F01C /* MyPageButtonTableViewCell.swift */ = {isa = PBXFileReference; lastKnownFileType = sourcecode.swift; path = MyPageButtonTableViewCell.swift; sourceTree = "<group>"; };
		BBFEBB2320E4DFC300C9F01C /* BookViewController.swift */ = {isa = PBXFileReference; lastKnownFileType = sourcecode.swift; path = BookViewController.swift; sourceTree = "<group>"; };
		BBFEBB2520E4E0E900C9F01C /* CustomerReviewViewController.swift */ = {isa = PBXFileReference; lastKnownFileType = sourcecode.swift; path = CustomerReviewViewController.swift; sourceTree = "<group>"; };
		BBFEBB2720E4E14F00C9F01C /* MyPageReservationNoneTableViewCell.swift */ = {isa = PBXFileReference; lastKnownFileType = sourcecode.swift; path = MyPageReservationNoneTableViewCell.swift; sourceTree = "<group>"; };
		BBFEBB2920E4E79C00C9F01C /* DateFormatter+Init.swift */ = {isa = PBXFileReference; lastKnownFileType = sourcecode.swift; path = "DateFormatter+Init.swift"; sourceTree = "<group>"; };
		BBFEBB2B20E504AB00C9F01C /* MessageRequester.swift */ = {isa = PBXFileReference; lastKnownFileType = sourcecode.swift; path = MessageRequester.swift; sourceTree = "<group>"; };
		BBFEBB2D20E50B9300C9F01C /* GuestRequester.swift */ = {isa = PBXFileReference; lastKnownFileType = sourcecode.swift; path = GuestRequester.swift; sourceTree = "<group>"; };
		BBFEBB2F20E50D9900C9F01C /* KeyboardRespondableViewController.swift */ = {isa = PBXFileReference; lastKnownFileType = sourcecode.swift; path = KeyboardRespondableViewController.swift; sourceTree = "<group>"; };
		BBFEBB3120E5129100C9F01C /* Date+Util.swift */ = {isa = PBXFileReference; lastKnownFileType = sourcecode.swift; path = "Date+Util.swift"; sourceTree = "<group>"; };
/* End PBXFileReference section */

/* Begin PBXFrameworksBuildPhase section */
		BB5059D220E262AD00491506 /* Frameworks */ = {
			isa = PBXFrameworksBuildPhase;
			buildActionMask = 2147483647;
			files = (
			);
			runOnlyForDeploymentPostprocessing = 0;
		};
/* End PBXFrameworksBuildPhase section */

/* Begin PBXGroup section */
		2E9403FE20E3306400362878 /* System */ = {
			isa = PBXGroup;
			children = (
				2E94040320E3508700362878 /* SaveData.swift */,
				2E9403FF20E3307600362878 /* Constants.swift */,
				2E94043520E3811100362878 /* ImageStorage.swift */,
				2E94043720E3857A00362878 /* CommonUtility.swift */,
			);
			path = System;
			sourceTree = "<group>";
		};
		2E94040520E3527600362878 /* Tabbar */ = {
			isa = PBXGroup;
			children = (
				2E94040620E3528800362878 /* TabbarViewController.swift */,
			);
			path = Tabbar;
			sourceTree = "<group>";
		};
		2E94040C20E36B5100362878 /* Common */ = {
			isa = PBXGroup;
			children = (
				2E94041420E370A700362878 /* Placeholder */,
				2E94040F20E36B6600362878 /* Picker */,
				BBFEBB2F20E50D9900C9F01C /* KeyboardRespondableViewController.swift */,
			);
			path = Common;
			sourceTree = "<group>";
		};
		2E94040F20E36B6600362878 /* Picker */ = {
			isa = PBXGroup;
			children = (
				2E94041020E36B7600362878 /* PickerViewController.swift */,
				2E94041220E36B8400362878 /* PickerTableViewCell.swift */,
			);
			path = Picker;
			sourceTree = "<group>";
		};
		2E94041420E370A700362878 /* Placeholder */ = {
			isa = PBXGroup;
			children = (
				2E94041520E370BD00362878 /* PlaceholderTextView.swift */,
				2E94041720E370CD00362878 /* PlaceholderTextField.swift */,
			);
			path = Placeholder;
			sourceTree = "<group>";
		};
		2E94041F20E37BE500362878 /* Guide */ = {
			isa = PBXGroup;
			children = (
				2E94042020E37BF500362878 /* GuideViewController.swift */,
				2E94043320E37F3B00362878 /* GuideTableViewCell.swift */,
				BBFEBB1220E4C33400C9F01C /* GuideDetailViewController.swift */,
				BBFEBB2320E4DFC300C9F01C /* BookViewController.swift */,
			);
			path = Guide;
			sourceTree = "<group>";
		};
		2E94042220E37BFA00362878 /* Search */ = {
			isa = PBXGroup;
			children = (
				2E94042320E37C0B00362878 /* SearchViewController.swift */,
			);
			path = Search;
			sourceTree = "<group>";
		};
		2E94042520E37C1600362878 /* Message */ = {
			isa = PBXGroup;
			children = (
				2E94042620E37C2600362878 /* MessageViewController.swift */,
				BBFEBB1420E4D60D00C9F01C /* MessageTableViewCell.swift */,
				BBFEBB1620E4D6ED00C9F01C /* Detail */,
			);
			path = Message;
			sourceTree = "<group>";
		};
		2E94042820E37C2900362878 /* MyPage */ = {
			isa = PBXGroup;
			children = (
				2E94042920E37C3700362878 /* MyPageViewController.swift */,
				BBFEBB1D20E4DD1400C9F01C /* MyPageReservationTitleTableViewCell.swift */,
				BBFEBB1F20E4DD3600C9F01C /* MyPageReservationTableViewCell.swift */,
				BBFEBB2720E4E14F00C9F01C /* MyPageReservationNoneTableViewCell.swift */,
				BBFEBB2120E4DD5800C9F01C /* MyPageButtonTableViewCell.swift */,
				BBFEBB2520E4E0E900C9F01C /* CustomerReviewViewController.swift */,
			);
			path = MyPage;
			sourceTree = "<group>";
		};
		BB5059CC20E262AD00491506 = {
			isa = PBXGroup;
			children = (
				BB5059D720E262AD00491506 /* GuideMatching */,
				BB5059D620E262AD00491506 /* Products */,
			);
			sourceTree = "<group>";
		};
		BB5059D620E262AD00491506 /* Products */ = {
			isa = PBXGroup;
			children = (
				BB5059D520E262AD00491506 /* GuideMatching.app */,
			);
			name = Products;
			sourceTree = "<group>";
		};
		BB5059D720E262AD00491506 /* GuideMatching */ = {
			isa = PBXGroup;
			children = (
				BB5059EA20E264C200491506 /* View */,
				BB505A0020E26F7500491506 /* Http */,
				BB5059F620E2673A00491506 /* Extension */,
				2E9403FE20E3306400362878 /* System */,
				BB5059EB20E264C600491506 /* Storyboard */,
				BB5059D820E262AD00491506 /* AppDelegate.swift */,
				BB5059DF20E262AE00491506 /* Assets.xcassets */,
				BB5059E120E262AE00491506 /* LaunchScreen.storyboard */,
				BB5059E420E262AE00491506 /* Info.plist */,
			);
			path = GuideMatching;
			sourceTree = "<group>";
		};
		BB5059EA20E264C200491506 /* View */ = {
			isa = PBXGroup;
			children = (
				BB5059EC20E264D400491506 /* Initial */,
				2E94040520E3527600362878 /* Tabbar */,
				2E94041F20E37BE500362878 /* Guide */,
				2E94042220E37BFA00362878 /* Search */,
				2E94042520E37C1600362878 /* Message */,
				2E94042820E37C2900362878 /* MyPage */,
				2E94040C20E36B5100362878 /* Common */,
			);
			path = View;
			sourceTree = "<group>";
		};
		BB5059EB20E264C600491506 /* Storyboard */ = {
			isa = PBXGroup;
			children = (
				BB5059F420E265A500491506 /* Initial.storyboard */,
				2E94042B20E37D5F00362878 /* Guide.storyboard */,
				2E94042D20E37D6900362878 /* Search.storyboard */,
				2E94042F20E37D7200362878 /* Message.storyboard */,
				2E94043120E37D7A00362878 /* MyPage.storyboard */,
				2E94040A20E36AD600362878 /* Common.storyboard */,
			);
			path = Storyboard;
			sourceTree = "<group>";
		};
		BB5059EC20E264D400491506 /* Initial */ = {
			isa = PBXGroup;
			children = (
				2E94041B20E3746A00362878 /* SplashViewController.swift */,
				BB5059EE20E2657000491506 /* UserSelectViewController.swift */,
				BB5059F020E2658200491506 /* GuestRegisterViewController.swift */,
				BB5059F220E2658F00491506 /* GuideRegisterViewController.swift */,
			);
			path = Initial;
			sourceTree = "<group>";
		};
		BB5059F620E2673A00491506 /* Extension */ = {
			isa = PBXGroup;
			children = (
				BB5059F720E2675800491506 /* CALayer+Border.swift */,
				BB5059F920E2677200491506 /* String+Base64.swift */,
				BB5059FB20E267B200491506 /* UIViewController+Scene.swift */,
				2E94040820E3562200362878 /* UIImage+Resize.swift */,
				2E94041920E3711300362878 /* UIColor+Original.swift */,
				BBFEBB2920E4E79C00C9F01C /* DateFormatter+Init.swift */,
				BBFEBB3120E5129100C9F01C /* Date+Util.swift */,
			);
			path = Extension;
			sourceTree = "<group>";
		};
		BB505A0020E26F7500491506 /* Http */ = {
			isa = PBXGroup;
			children = (
				BB505A0120E26F8500491506 /* HttpManager.swift */,
				BB505A0320E26F8D00491506 /* ApiManager.swift */,
				BB505A0520E2702100491506 /* Requester */,
				2E94040120E3458F00362878 /* ImageUploader.swift */,
			);
			path = Http;
			sourceTree = "<group>";
		};
		BB505A0520E2702100491506 /* Requester */ = {
			isa = PBXGroup;
			children = (
				BB505A0620E2703C00491506 /* AccountRequester.swift */,
				2E94041D20E3767D00362878 /* GuideRequester.swift */,
				BBFEBB2D20E50B9300C9F01C /* GuestRequester.swift */,
				2E94043920E386A200362878 /* EstimateRequester.swift */,
				BBFEBB2B20E504AB00C9F01C /* MessageRequester.swift */,
			);
			path = Requester;
			sourceTree = "<group>";
		};
		BBFEBB1620E4D6ED00C9F01C /* Detail */ = {
			isa = PBXGroup;
			children = (
				BBFEBB1720E4D6FE00C9F01C /* MessageDetailViewController.swift */,
				BBFEBB1920E4D71300C9F01C /* MessageDetailLeftTableViewCell.swift */,
				BBFEBB1B20E4D72000C9F01C /* MessageDetailRightTableViewCell.swift */,
			);
			path = Detail;
			sourceTree = "<group>";
		};
/* End PBXGroup section */

/* Begin PBXNativeTarget section */
		BB5059D420E262AD00491506 /* GuideMatching */ = {
			isa = PBXNativeTarget;
			buildConfigurationList = BB5059E720E262AE00491506 /* Build configuration list for PBXNativeTarget "GuideMatching" */;
			buildPhases = (
				BB5059D120E262AD00491506 /* Sources */,
				BB5059D220E262AD00491506 /* Frameworks */,
				BB5059D320E262AD00491506 /* Resources */,
			);
			buildRules = (
			);
			dependencies = (
			);
			name = GuideMatching;
			productName = GuideMatching;
			productReference = BB5059D520E262AD00491506 /* GuideMatching.app */;
			productType = "com.apple.product-type.application";
		};
/* End PBXNativeTarget section */

/* Begin PBXProject section */
		BB5059CD20E262AD00491506 /* Project object */ = {
			isa = PBXProject;
			attributes = {
				LastSwiftUpdateCheck = 0930;
				LastUpgradeCheck = 0930;
				ORGANIZATIONNAME = "Leapfrog-Inc";
				TargetAttributes = {
					BB5059D420E262AD00491506 = {
						CreatedOnToolsVersion = 9.3;
					};
				};
			};
			buildConfigurationList = BB5059D020E262AD00491506 /* Build configuration list for PBXProject "GuideMatching" */;
			compatibilityVersion = "Xcode 9.3";
			developmentRegion = en;
			hasScannedForEncodings = 0;
			knownRegions = (
				en,
				Base,
			);
			mainGroup = BB5059CC20E262AD00491506;
			productRefGroup = BB5059D620E262AD00491506 /* Products */;
			projectDirPath = "";
			projectRoot = "";
			targets = (
				BB5059D420E262AD00491506 /* GuideMatching */,
			);
		};
/* End PBXProject section */

/* Begin PBXResourcesBuildPhase section */
		BB5059D320E262AD00491506 /* Resources */ = {
			isa = PBXResourcesBuildPhase;
			buildActionMask = 2147483647;
			files = (
				2E94042C20E37D5F00362878 /* Guide.storyboard in Resources */,
				BB5059F520E265A500491506 /* Initial.storyboard in Resources */,
				2E94040B20E36AD600362878 /* Common.storyboard in Resources */,
				2E94043220E37D7A00362878 /* MyPage.storyboard in Resources */,
				BB5059E320E262AE00491506 /* LaunchScreen.storyboard in Resources */,
				2E94042E20E37D6900362878 /* Search.storyboard in Resources */,
				BB5059E020E262AE00491506 /* Assets.xcassets in Resources */,
				2E94043020E37D7200362878 /* Message.storyboard in Resources */,
			);
			runOnlyForDeploymentPostprocessing = 0;
		};
/* End PBXResourcesBuildPhase section */

/* Begin PBXSourcesBuildPhase section */
		BB5059D120E262AD00491506 /* Sources */ = {
			isa = PBXSourcesBuildPhase;
			buildActionMask = 2147483647;
			files = (
				BBFEBB2A20E4E79C00C9F01C /* DateFormatter+Init.swift in Sources */,
				BBFEBB2620E4E0E900C9F01C /* CustomerReviewViewController.swift in Sources */,
				2E94041320E36B8400362878 /* PickerTableViewCell.swift in Sources */,
				2E94043820E3857A00362878 /* CommonUtility.swift in Sources */,
				BBFEBB1820E4D6FE00C9F01C /* MessageDetailViewController.swift in Sources */,
				BBFEBB2020E4DD3600C9F01C /* MyPageReservationTableViewCell.swift in Sources */,
				2E94043620E3811100362878 /* ImageStorage.swift in Sources */,
				BB5059F820E2675800491506 /* CALayer+Border.swift in Sources */,
				2E94040020E3307600362878 /* Constants.swift in Sources */,
				2E94041620E370BD00362878 /* PlaceholderTextView.swift in Sources */,
				2E94041120E36B7600362878 /* PickerViewController.swift in Sources */,
				BBFEBB2420E4DFC300C9F01C /* BookViewController.swift in Sources */,
				BBFEBB1320E4C33400C9F01C /* GuideDetailViewController.swift in Sources */,
				BBFEBB2C20E504AB00C9F01C /* MessageRequester.swift in Sources */,
				2E94042120E37BF500362878 /* GuideViewController.swift in Sources */,
				BBFEBB2E20E50B9300C9F01C /* GuestRequester.swift in Sources */,
				2E94040720E3528800362878 /* TabbarViewController.swift in Sources */,
				BBFEBB2220E4DD5800C9F01C /* MyPageButtonTableViewCell.swift in Sources */,
				2E94042A20E37C3700362878 /* MyPageViewController.swift in Sources */,
				2E94040420E3508700362878 /* SaveData.swift in Sources */,
				BB5059FA20E2677200491506 /* String+Base64.swift in Sources */,
				BBFEBB3220E5129100C9F01C /* Date+Util.swift in Sources */,
				2E94042720E37C2600362878 /* MessageViewController.swift in Sources */,
				BB505A0420E26F8D00491506 /* ApiManager.swift in Sources */,
				BB505A0720E2703C00491506 /* AccountRequester.swift in Sources */,
				2E94041820E370CD00362878 /* PlaceholderTextField.swift in Sources */,
				2E94043A20E386A200362878 /* EstimateRequester.swift in Sources */,
				BBFEBB1A20E4D71300C9F01C /* MessageDetailLeftTableViewCell.swift in Sources */,
				2E94040220E3458F00362878 /* ImageUploader.swift in Sources */,
				2E94041C20E3746A00362878 /* SplashViewController.swift in Sources */,
				2E94040920E3562200362878 /* UIImage+Resize.swift in Sources */,
				BB5059F120E2658200491506 /* GuestRegisterViewController.swift in Sources */,
				2E94041E20E3767D00362878 /* GuideRequester.swift in Sources */,
				2E94041A20E3711300362878 /* UIColor+Original.swift in Sources */,
				2E94042420E37C0B00362878 /* SearchViewController.swift in Sources */,
				BBFEBB2820E4E14F00C9F01C /* MyPageReservationNoneTableViewCell.swift in Sources */,
				BBFEBB1C20E4D72000C9F01C /* MessageDetailRightTableViewCell.swift in Sources */,
				BB505A0220E26F8500491506 /* HttpManager.swift in Sources */,
				BB5059D920E262AD00491506 /* AppDelegate.swift in Sources */,
				BBFEBB1E20E4DD1400C9F01C /* MyPageReservationTitleTableViewCell.swift in Sources */,
				BB5059F320E2658F00491506 /* GuideRegisterViewController.swift in Sources */,
				BB5059FC20E267B200491506 /* UIViewController+Scene.swift in Sources */,
				BBFEBB1520E4D60D00C9F01C /* MessageTableViewCell.swift in Sources */,
				BBFEBB3020E50D9900C9F01C /* KeyboardRespondableViewController.swift in Sources */,
				BB5059EF20E2657000491506 /* UserSelectViewController.swift in Sources */,
				2E94043420E37F3B00362878 /* GuideTableViewCell.swift in Sources */,
			);
			runOnlyForDeploymentPostprocessing = 0;
		};
/* End PBXSourcesBuildPhase section */

/* Begin PBXVariantGroup section */
		BB5059E120E262AE00491506 /* LaunchScreen.storyboard */ = {
			isa = PBXVariantGroup;
			children = (
				BB5059E220E262AE00491506 /* Base */,
			);
			name = LaunchScreen.storyboard;
			sourceTree = "<group>";
		};
/* End PBXVariantGroup section */

/* Begin XCBuildConfiguration section */
		BB5059E520E262AE00491506 /* Debug */ = {
			isa = XCBuildConfiguration;
			buildSettings = {
				ALWAYS_SEARCH_USER_PATHS = NO;
				CLANG_ANALYZER_NONNULL = YES;
				CLANG_ANALYZER_NUMBER_OBJECT_CONVERSION = YES_AGGRESSIVE;
				CLANG_CXX_LANGUAGE_STANDARD = "gnu++14";
				CLANG_CXX_LIBRARY = "libc++";
				CLANG_ENABLE_MODULES = YES;
				CLANG_ENABLE_OBJC_ARC = YES;
				CLANG_ENABLE_OBJC_WEAK = YES;
				CLANG_WARN_BLOCK_CAPTURE_AUTORELEASING = YES;
				CLANG_WARN_BOOL_CONVERSION = YES;
				CLANG_WARN_COMMA = YES;
				CLANG_WARN_CONSTANT_CONVERSION = YES;
				CLANG_WARN_DEPRECATED_OBJC_IMPLEMENTATIONS = YES;
				CLANG_WARN_DIRECT_OBJC_ISA_USAGE = YES_ERROR;
				CLANG_WARN_DOCUMENTATION_COMMENTS = YES;
				CLANG_WARN_EMPTY_BODY = YES;
				CLANG_WARN_ENUM_CONVERSION = YES;
				CLANG_WARN_INFINITE_RECURSION = YES;
				CLANG_WARN_INT_CONVERSION = YES;
				CLANG_WARN_NON_LITERAL_NULL_CONVERSION = YES;
				CLANG_WARN_OBJC_IMPLICIT_RETAIN_SELF = YES;
				CLANG_WARN_OBJC_LITERAL_CONVERSION = YES;
				CLANG_WARN_OBJC_ROOT_CLASS = YES_ERROR;
				CLANG_WARN_RANGE_LOOP_ANALYSIS = YES;
				CLANG_WARN_STRICT_PROTOTYPES = YES;
				CLANG_WARN_SUSPICIOUS_MOVE = YES;
				CLANG_WARN_UNGUARDED_AVAILABILITY = YES_AGGRESSIVE;
				CLANG_WARN_UNREACHABLE_CODE = YES;
				CLANG_WARN__DUPLICATE_METHOD_MATCH = YES;
				CODE_SIGN_IDENTITY = "iPhone Developer";
				COPY_PHASE_STRIP = NO;
				DEBUG_INFORMATION_FORMAT = dwarf;
				ENABLE_STRICT_OBJC_MSGSEND = YES;
				ENABLE_TESTABILITY = YES;
				GCC_C_LANGUAGE_STANDARD = gnu11;
				GCC_DYNAMIC_NO_PIC = NO;
				GCC_NO_COMMON_BLOCKS = YES;
				GCC_OPTIMIZATION_LEVEL = 0;
				GCC_PREPROCESSOR_DEFINITIONS = (
					"DEBUG=1",
					"$(inherited)",
				);
				GCC_WARN_64_TO_32_BIT_CONVERSION = YES;
				GCC_WARN_ABOUT_RETURN_TYPE = YES_ERROR;
				GCC_WARN_UNDECLARED_SELECTOR = YES;
				GCC_WARN_UNINITIALIZED_AUTOS = YES_AGGRESSIVE;
				GCC_WARN_UNUSED_FUNCTION = YES;
				GCC_WARN_UNUSED_VARIABLE = YES;
				IPHONEOS_DEPLOYMENT_TARGET = 11.3;
				MTL_ENABLE_DEBUG_INFO = YES;
				ONLY_ACTIVE_ARCH = YES;
				SDKROOT = iphoneos;
				SWIFT_ACTIVE_COMPILATION_CONDITIONS = DEBUG;
				SWIFT_OPTIMIZATION_LEVEL = "-Onone";
			};
			name = Debug;
		};
		BB5059E620E262AE00491506 /* Release */ = {
			isa = XCBuildConfiguration;
			buildSettings = {
				ALWAYS_SEARCH_USER_PATHS = NO;
				CLANG_ANALYZER_NONNULL = YES;
				CLANG_ANALYZER_NUMBER_OBJECT_CONVERSION = YES_AGGRESSIVE;
				CLANG_CXX_LANGUAGE_STANDARD = "gnu++14";
				CLANG_CXX_LIBRARY = "libc++";
				CLANG_ENABLE_MODULES = YES;
				CLANG_ENABLE_OBJC_ARC = YES;
				CLANG_ENABLE_OBJC_WEAK = YES;
				CLANG_WARN_BLOCK_CAPTURE_AUTORELEASING = YES;
				CLANG_WARN_BOOL_CONVERSION = YES;
				CLANG_WARN_COMMA = YES;
				CLANG_WARN_CONSTANT_CONVERSION = YES;
				CLANG_WARN_DEPRECATED_OBJC_IMPLEMENTATIONS = YES;
				CLANG_WARN_DIRECT_OBJC_ISA_USAGE = YES_ERROR;
				CLANG_WARN_DOCUMENTATION_COMMENTS = YES;
				CLANG_WARN_EMPTY_BODY = YES;
				CLANG_WARN_ENUM_CONVERSION = YES;
				CLANG_WARN_INFINITE_RECURSION = YES;
				CLANG_WARN_INT_CONVERSION = YES;
				CLANG_WARN_NON_LITERAL_NULL_CONVERSION = YES;
				CLANG_WARN_OBJC_IMPLICIT_RETAIN_SELF = YES;
				CLANG_WARN_OBJC_LITERAL_CONVERSION = YES;
				CLANG_WARN_OBJC_ROOT_CLASS = YES_ERROR;
				CLANG_WARN_RANGE_LOOP_ANALYSIS = YES;
				CLANG_WARN_STRICT_PROTOTYPES = YES;
				CLANG_WARN_SUSPICIOUS_MOVE = YES;
				CLANG_WARN_UNGUARDED_AVAILABILITY = YES_AGGRESSIVE;
				CLANG_WARN_UNREACHABLE_CODE = YES;
				CLANG_WARN__DUPLICATE_METHOD_MATCH = YES;
				CODE_SIGN_IDENTITY = "iPhone Developer";
				COPY_PHASE_STRIP = NO;
				DEBUG_INFORMATION_FORMAT = "dwarf-with-dsym";
				ENABLE_NS_ASSERTIONS = NO;
				ENABLE_STRICT_OBJC_MSGSEND = YES;
				GCC_C_LANGUAGE_STANDARD = gnu11;
				GCC_NO_COMMON_BLOCKS = YES;
				GCC_WARN_64_TO_32_BIT_CONVERSION = YES;
				GCC_WARN_ABOUT_RETURN_TYPE = YES_ERROR;
				GCC_WARN_UNDECLARED_SELECTOR = YES;
				GCC_WARN_UNINITIALIZED_AUTOS = YES_AGGRESSIVE;
				GCC_WARN_UNUSED_FUNCTION = YES;
				GCC_WARN_UNUSED_VARIABLE = YES;
				IPHONEOS_DEPLOYMENT_TARGET = 11.3;
				MTL_ENABLE_DEBUG_INFO = NO;
				SDKROOT = iphoneos;
				SWIFT_COMPILATION_MODE = wholemodule;
				SWIFT_OPTIMIZATION_LEVEL = "-O";
				VALIDATE_PRODUCT = YES;
			};
			name = Release;
		};
		BB5059E820E262AE00491506 /* Debug */ = {
			isa = XCBuildConfiguration;
			buildSettings = {
				ASSETCATALOG_COMPILER_APPICON_NAME = AppIcon;
				CODE_SIGN_STYLE = Manual;
				DEVELOPMENT_TEAM = "";
				INFOPLIST_FILE = GuideMatching/Info.plist;
				IPHONEOS_DEPLOYMENT_TARGET = 10.0;
				LD_RUNPATH_SEARCH_PATHS = (
					"$(inherited)",
					"@executable_path/Frameworks",
				);
				PRODUCT_BUNDLE_IDENTIFIER = "Leapfrog-Inc.GuideMatching";
				PRODUCT_NAME = "$(TARGET_NAME)";
				PROVISIONING_PROFILE_SPECIFIER = "";
				SWIFT_VERSION = 4.0;
				TARGETED_DEVICE_FAMILY = 1;
			};
			name = Debug;
		};
		BB5059E920E262AE00491506 /* Release */ = {
			isa = XCBuildConfiguration;
			buildSettings = {
				ASSETCATALOG_COMPILER_APPICON_NAME = AppIcon;
				CODE_SIGN_IDENTITY = "iPhone Distribution";
				CODE_SIGN_STYLE = Manual;
				DEVELOPMENT_TEAM = E7F6AQV7VX;
				INFOPLIST_FILE = GuideMatching/Info.plist;
				IPHONEOS_DEPLOYMENT_TARGET = 10.0;
				LD_RUNPATH_SEARCH_PATHS = (
					"$(inherited)",
					"@executable_path/Frameworks",
				);
				PRODUCT_BUNDLE_IDENTIFIER = "Leapfrog-Inc.GuideMatching";
				PRODUCT_NAME = "$(TARGET_NAME)";
				PROVISIONING_PROFILE = "ff1d8292-7329-46dd-96ba-15291b207247";
				PROVISIONING_PROFILE_SPECIFIER = "GuideMatching-Adhoc-20180628";
				SWIFT_VERSION = 4.0;
				TARGETED_DEVICE_FAMILY = 1;
			};
			name = Release;
		};
/* End XCBuildConfiguration section */

/* Begin XCConfigurationList section */
		BB5059D020E262AD00491506 /* Build configuration list for PBXProject "GuideMatching" */ = {
			isa = XCConfigurationList;
			buildConfigurations = (
				BB5059E520E262AE00491506 /* Debug */,
				BB5059E620E262AE00491506 /* Release */,
			);
			defaultConfigurationIsVisible = 0;
			defaultConfigurationName = Release;
		};
		BB5059E720E262AE00491506 /* Build configuration list for PBXNativeTarget "GuideMatching" */ = {
			isa = XCConfigurationList;
			buildConfigurations = (
				BB5059E820E262AE00491506 /* Debug */,
				BB5059E920E262AE00491506 /* Release */,
			);
			defaultConfigurationIsVisible = 0;
			defaultConfigurationName = Release;
		};
/* End XCConfigurationList section */
	};
	rootObject = BB5059CD20E262AD00491506 /* Project object */;
}
