// !$*UTF8*$!
{
	archiveVersion = 1;
	classes = {
	};
	objectVersion = 50;
	objects = {

/* Begin PBXBuildFile section */
		2E11B3E920EC75B6002441EB /* GuideDetailViewController.swift in Sources */ = {isa = PBXBuildFile; fileRef = 2E11B3E820EC75B6002441EB /* GuideDetailViewController.swift */; };
		2E11B3EB20EC75ED002441EB /* GuideDetailScheduleView.swift in Sources */ = {isa = PBXBuildFile; fileRef = 2E11B3EA20EC75ED002441EB /* GuideDetailScheduleView.swift */; };
		2E11B3ED20EC869D002441EB /* GuideDetailScheduleView.xib in Resources */ = {isa = PBXBuildFile; fileRef = 2E11B3EC20EC869D002441EB /* GuideDetailScheduleView.xib */; };
		2E11B3EF20EC9099002441EB /* GuideDetailScheduleTableViewCell.swift in Sources */ = {isa = PBXBuildFile; fileRef = 2E11B3EE20EC9099002441EB /* GuideDetailScheduleTableViewCell.swift */; };
		2E11B3F120EC90EC002441EB /* GuideDetailScheduleTableViewCell.xib in Resources */ = {isa = PBXBuildFile; fileRef = 2E11B3F020EC90EC002441EB /* GuideDetailScheduleTableViewCell.xib */; };
		2E12A0BB20EDB5F10035107F /* CustomerReviewViewController.swift in Sources */ = {isa = PBXBuildFile; fileRef = 2E12A0BA20EDB5F10035107F /* CustomerReviewViewController.swift */; };
		2E12A0BD20EDB6190035107F /* MyPageScheduleViewController.swift in Sources */ = {isa = PBXBuildFile; fileRef = 2E12A0BC20EDB6190035107F /* MyPageScheduleViewController.swift */; };
		2E12A0BF20EDC9220035107F /* MyPageScheduleTableViewCell.swift in Sources */ = {isa = PBXBuildFile; fileRef = 2E12A0BE20EDC9220035107F /* MyPageScheduleTableViewCell.swift */; };
		2E12A0C120EE031E0035107F /* ReserveRequester.swift in Sources */ = {isa = PBXBuildFile; fileRef = 2E12A0C020EE031E0035107F /* ReserveRequester.swift */; };
		2E4FC0972106E3FA007FA061 /* BookCompleteViewController.swift in Sources */ = {isa = PBXBuildFile; fileRef = 2E4FC0962106E3FA007FA061 /* BookCompleteViewController.swift */; };
		2E67BDA92101B427004E3B17 /* StripeManager.swift in Sources */ = {isa = PBXBuildFile; fileRef = 2E67BDA82101B427004E3B17 /* StripeManager.swift */; };
		2E67BDAB2101B475004E3B17 /* StripeApiClient.swift in Sources */ = {isa = PBXBuildFile; fileRef = 2E67BDAA2101B475004E3B17 /* StripeApiClient.swift */; };
		2E7DAA8F2105D2440076EE12 /* Loading.swift in Sources */ = {isa = PBXBuildFile; fileRef = 2E7DAA8E2105D2440076EE12 /* Loading.swift */; };
		2E7DAA912105D24C0076EE12 /* Loading.xib in Resources */ = {isa = PBXBuildFile; fileRef = 2E7DAA902105D24C0076EE12 /* Loading.xib */; };
		2E7DAA932105D2600076EE12 /* Dialog.swift in Sources */ = {isa = PBXBuildFile; fileRef = 2E7DAA922105D2600076EE12 /* Dialog.swift */; };
		2E7DAA952105D26D0076EE12 /* DialogButton.swift in Sources */ = {isa = PBXBuildFile; fileRef = 2E7DAA942105D26D0076EE12 /* DialogButton.swift */; };
		2E7DAA972105D2780076EE12 /* Dialog.xib in Resources */ = {isa = PBXBuildFile; fileRef = 2E7DAA962105D2780076EE12 /* Dialog.xib */; };
		2E7DAA992105D2800076EE12 /* DialogButton.xib in Resources */ = {isa = PBXBuildFile; fileRef = 2E7DAA982105D2800076EE12 /* DialogButton.xib */; };
		2E8D37612113E48100AF21E0 /* MyPageGuestButtonTableViewCell.swift in Sources */ = {isa = PBXBuildFile; fileRef = 2E8D37602113E48100AF21E0 /* MyPageGuestButtonTableViewCell.swift */; };
		2E8D37632113EA4900AF21E0 /* ImageStorage.swift in Sources */ = {isa = PBXBuildFile; fileRef = 2E8D37622113EA4800AF21E0 /* ImageStorage.swift */; };
		2E8D3765211413D200AF21E0 /* MyPageHistoryTableViewCell.swift in Sources */ = {isa = PBXBuildFile; fileRef = 2E8D3764211413D200AF21E0 /* MyPageHistoryTableViewCell.swift */; };
		2E8D3767211415AB00AF21E0 /* CustomerReviewTableViewCell.swift in Sources */ = {isa = PBXBuildFile; fileRef = 2E8D3766211415AB00AF21E0 /* CustomerReviewTableViewCell.swift */; };
		2E94040020E3307600362878 /* Constants.swift in Sources */ = {isa = PBXBuildFile; fileRef = 2E9403FF20E3307600362878 /* Constants.swift */; };
		2E94040220E3458F00362878 /* ImageUploader.swift in Sources */ = {isa = PBXBuildFile; fileRef = 2E94040120E3458F00362878 /* ImageUploader.swift */; };
		2E94040420E3508700362878 /* SaveData.swift in Sources */ = {isa = PBXBuildFile; fileRef = 2E94040320E3508700362878 /* SaveData.swift */; };
		2E94040720E3528800362878 /* TabbarViewController.swift in Sources */ = {isa = PBXBuildFile; fileRef = 2E94040620E3528800362878 /* TabbarViewController.swift */; };
		2E94040920E3562200362878 /* UIImage+Resize.swift in Sources */ = {isa = PBXBuildFile; fileRef = 2E94040820E3562200362878 /* UIImage+Resize.swift */; };
		2E94040B20E36AD600362878 /* Common.storyboard in Resources */ = {isa = PBXBuildFile; fileRef = 2E94040A20E36AD600362878 /* Common.storyboard */; };
		2E94041120E36B7600362878 /* PickerViewController.swift in Sources */ = {isa = PBXBuildFile; fileRef = 2E94041020E36B7600362878 /* PickerViewController.swift */; };
		2E94041320E36B8400362878 /* PickerTableViewCell.swift in Sources */ = {isa = PBXBuildFile; fileRef = 2E94041220E36B8400362878 /* PickerTableViewCell.swift */; };
		2E94041620E370BD00362878 /* PlaceholderTextView.swift in Sources */ = {isa = PBXBuildFile; fileRef = 2E94041520E370BD00362878 /* PlaceholderTextView.swift */; };
		2E94041820E370CD00362878 /* PlaceholderTextField.swift in Sources */ = {isa = PBXBuildFile; fileRef = 2E94041720E370CD00362878 /* PlaceholderTextField.swift */; };
		2E94041A20E3711300362878 /* UIColor+Original.swift in Sources */ = {isa = PBXBuildFile; fileRef = 2E94041920E3711300362878 /* UIColor+Original.swift */; };
		2E94041C20E3746A00362878 /* SplashViewController.swift in Sources */ = {isa = PBXBuildFile; fileRef = 2E94041B20E3746A00362878 /* SplashViewController.swift */; };
		2E94041E20E3767D00362878 /* GuideRequester.swift in Sources */ = {isa = PBXBuildFile; fileRef = 2E94041D20E3767D00362878 /* GuideRequester.swift */; };
		2E94042120E37BF500362878 /* GuideViewController.swift in Sources */ = {isa = PBXBuildFile; fileRef = 2E94042020E37BF500362878 /* GuideViewController.swift */; };
		2E94042420E37C0B00362878 /* SearchViewController.swift in Sources */ = {isa = PBXBuildFile; fileRef = 2E94042320E37C0B00362878 /* SearchViewController.swift */; };
		2E94042720E37C2600362878 /* MessageViewController.swift in Sources */ = {isa = PBXBuildFile; fileRef = 2E94042620E37C2600362878 /* MessageViewController.swift */; };
		2E94042A20E37C3700362878 /* MyPageViewController.swift in Sources */ = {isa = PBXBuildFile; fileRef = 2E94042920E37C3700362878 /* MyPageViewController.swift */; };
		2E94042C20E37D5F00362878 /* Guide.storyboard in Resources */ = {isa = PBXBuildFile; fileRef = 2E94042B20E37D5F00362878 /* Guide.storyboard */; };
		2E94042E20E37D6900362878 /* Search.storyboard in Resources */ = {isa = PBXBuildFile; fileRef = 2E94042D20E37D6900362878 /* Search.storyboard */; };
		2E94043020E37D7200362878 /* Message.storyboard in Resources */ = {isa = PBXBuildFile; fileRef = 2E94042F20E37D7200362878 /* Message.storyboard */; };
		2E94043220E37D7A00362878 /* MyPage.storyboard in Resources */ = {isa = PBXBuildFile; fileRef = 2E94043120E37D7A00362878 /* MyPage.storyboard */; };
		2E94043420E37F3B00362878 /* GuideTableViewCell.swift in Sources */ = {isa = PBXBuildFile; fileRef = 2E94043320E37F3B00362878 /* GuideTableViewCell.swift */; };
		2E94043820E3857A00362878 /* CommonUtility.swift in Sources */ = {isa = PBXBuildFile; fileRef = 2E94043720E3857A00362878 /* CommonUtility.swift */; };
		2E94043A20E386A200362878 /* EstimateRequester.swift in Sources */ = {isa = PBXBuildFile; fileRef = 2E94043920E386A200362878 /* EstimateRequester.swift */; };
		BB5059D920E262AD00491506 /* AppDelegate.swift in Sources */ = {isa = PBXBuildFile; fileRef = BB5059D820E262AD00491506 /* AppDelegate.swift */; };
		BB5059E020E262AE00491506 /* Assets.xcassets in Resources */ = {isa = PBXBuildFile; fileRef = BB5059DF20E262AE00491506 /* Assets.xcassets */; };
		BB5059E320E262AE00491506 /* LaunchScreen.storyboard in Resources */ = {isa = PBXBuildFile; fileRef = BB5059E120E262AE00491506 /* LaunchScreen.storyboard */; };
		BB5059EF20E2657000491506 /* UserSelectViewController.swift in Sources */ = {isa = PBXBuildFile; fileRef = BB5059EE20E2657000491506 /* UserSelectViewController.swift */; };
		BB5059F120E2658200491506 /* GuestRegisterViewController.swift in Sources */ = {isa = PBXBuildFile; fileRef = BB5059F020E2658200491506 /* GuestRegisterViewController.swift */; };
		BB5059F320E2658F00491506 /* GuideRegisterViewController.swift in Sources */ = {isa = PBXBuildFile; fileRef = BB5059F220E2658F00491506 /* GuideRegisterViewController.swift */; };
		BB5059F520E265A500491506 /* Initial.storyboard in Resources */ = {isa = PBXBuildFile; fileRef = BB5059F420E265A500491506 /* Initial.storyboard */; };
		BB5059F820E2675800491506 /* CALayer+Border.swift in Sources */ = {isa = PBXBuildFile; fileRef = BB5059F720E2675800491506 /* CALayer+Border.swift */; };
		BB5059FA20E2677200491506 /* String+Base64.swift in Sources */ = {isa = PBXBuildFile; fileRef = BB5059F920E2677200491506 /* String+Base64.swift */; };
		BB5059FC20E267B200491506 /* UIViewController+Scene.swift in Sources */ = {isa = PBXBuildFile; fileRef = BB5059FB20E267B200491506 /* UIViewController+Scene.swift */; };
		BB505A0220E26F8500491506 /* HttpManager.swift in Sources */ = {isa = PBXBuildFile; fileRef = BB505A0120E26F8500491506 /* HttpManager.swift */; };
		BB505A0420E26F8D00491506 /* ApiManager.swift in Sources */ = {isa = PBXBuildFile; fileRef = BB505A0320E26F8D00491506 /* ApiManager.swift */; };
		BB505A0720E2703C00491506 /* AccountRequester.swift in Sources */ = {isa = PBXBuildFile; fileRef = BB505A0620E2703C00491506 /* AccountRequester.swift */; };
		BB9F4209211338E400350461 /* MyPageHistoryViewController.swift in Sources */ = {isa = PBXBuildFile; fileRef = BB9F4208211338E400350461 /* MyPageHistoryViewController.swift */; };
		BB9F420C2113394000350461 /* MyPageProfileViewController.swift in Sources */ = {isa = PBXBuildFile; fileRef = BB9F420B2113394000350461 /* MyPageProfileViewController.swift */; };
		BB9F420F2113395E00350461 /* MyPagePaymentViewController.swift in Sources */ = {isa = PBXBuildFile; fileRef = BB9F420E2113395E00350461 /* MyPagePaymentViewController.swift */; };
		BBFEBB1520E4D60D00C9F01C /* MessageTableViewCell.swift in Sources */ = {isa = PBXBuildFile; fileRef = BBFEBB1420E4D60D00C9F01C /* MessageTableViewCell.swift */; };
		BBFEBB1820E4D6FE00C9F01C /* MessageDetailViewController.swift in Sources */ = {isa = PBXBuildFile; fileRef = BBFEBB1720E4D6FE00C9F01C /* MessageDetailViewController.swift */; };
		BBFEBB1A20E4D71300C9F01C /* MessageDetailLeftTableViewCell.swift in Sources */ = {isa = PBXBuildFile; fileRef = BBFEBB1920E4D71300C9F01C /* MessageDetailLeftTableViewCell.swift */; };
		BBFEBB1C20E4D72000C9F01C /* MessageDetailRightTableViewCell.swift in Sources */ = {isa = PBXBuildFile; fileRef = BBFEBB1B20E4D72000C9F01C /* MessageDetailRightTableViewCell.swift */; };
		BBFEBB1E20E4DD1400C9F01C /* MyPageReservationTitleTableViewCell.swift in Sources */ = {isa = PBXBuildFile; fileRef = BBFEBB1D20E4DD1400C9F01C /* MyPageReservationTitleTableViewCell.swift */; };
		BBFEBB2020E4DD3600C9F01C /* MyPageReservationTableViewCell.swift in Sources */ = {isa = PBXBuildFile; fileRef = BBFEBB1F20E4DD3600C9F01C /* MyPageReservationTableViewCell.swift */; };
		BBFEBB2220E4DD5800C9F01C /* MyPageGuideButtonTableViewCell.swift in Sources */ = {isa = PBXBuildFile; fileRef = BBFEBB2120E4DD5800C9F01C /* MyPageGuideButtonTableViewCell.swift */; };
		BBFEBB2420E4DFC300C9F01C /* BookViewController.swift in Sources */ = {isa = PBXBuildFile; fileRef = BBFEBB2320E4DFC300C9F01C /* BookViewController.swift */; };
		BBFEBB2820E4E14F00C9F01C /* MyPageReservationNoneTableViewCell.swift in Sources */ = {isa = PBXBuildFile; fileRef = BBFEBB2720E4E14F00C9F01C /* MyPageReservationNoneTableViewCell.swift */; };
		BBFEBB2A20E4E79C00C9F01C /* DateFormatter+Init.swift in Sources */ = {isa = PBXBuildFile; fileRef = BBFEBB2920E4E79C00C9F01C /* DateFormatter+Init.swift */; };
		BBFEBB2C20E504AB00C9F01C /* MessageRequester.swift in Sources */ = {isa = PBXBuildFile; fileRef = BBFEBB2B20E504AB00C9F01C /* MessageRequester.swift */; };
		BBFEBB2E20E50B9300C9F01C /* GuestRequester.swift in Sources */ = {isa = PBXBuildFile; fileRef = BBFEBB2D20E50B9300C9F01C /* GuestRequester.swift */; };
		BBFEBB3020E50D9900C9F01C /* KeyboardRespondableViewController.swift in Sources */ = {isa = PBXBuildFile; fileRef = BBFEBB2F20E50D9900C9F01C /* KeyboardRespondableViewController.swift */; };
		BBFEBB3220E5129100C9F01C /* Date+Util.swift in Sources */ = {isa = PBXBuildFile; fileRef = BBFEBB3120E5129100C9F01C /* Date+Util.swift */; };
		D77CACB4E0C953ADB32802C5 /* Pods_GuideMatching.framework in Frameworks */ = {isa = PBXBuildFile; fileRef = EE6C7464361AFCC0C36AE0ED /* Pods_GuideMatching.framework */; };
/* End PBXBuildFile section */

/* Begin PBXFileReference section */
		0556FD5064AAFDEC4775D2D8 /* Pods-GuideMatching.release.xcconfig */ = {isa = PBXFileReference; includeInIndex = 1; lastKnownFileType = text.xcconfig; name = "Pods-GuideMatching.release.xcconfig"; path = "Pods/Target Support Files/Pods-GuideMatching/Pods-GuideMatching.release.xcconfig"; sourceTree = "<group>"; };
		2E11B3E820EC75B6002441EB /* GuideDetailViewController.swift */ = {isa = PBXFileReference; fileEncoding = 4; lastKnownFileType = sourcecode.swift; path = GuideDetailViewController.swift; sourceTree = "<group>"; };
		2E11B3EA20EC75ED002441EB /* GuideDetailScheduleView.swift */ = {isa = PBXFileReference; lastKnownFileType = sourcecode.swift; path = GuideDetailScheduleView.swift; sourceTree = "<group>"; };
		2E11B3EC20EC869D002441EB /* GuideDetailScheduleView.xib */ = {isa = PBXFileReference; lastKnownFileType = file.xib; path = GuideDetailScheduleView.xib; sourceTree = "<group>"; };
		2E11B3EE20EC9099002441EB /* GuideDetailScheduleTableViewCell.swift */ = {isa = PBXFileReference; lastKnownFileType = sourcecode.swift; path = GuideDetailScheduleTableViewCell.swift; sourceTree = "<group>"; };
		2E11B3F020EC90EC002441EB /* GuideDetailScheduleTableViewCell.xib */ = {isa = PBXFileReference; lastKnownFileType = file.xib; path = GuideDetailScheduleTableViewCell.xib; sourceTree = "<group>"; };
		2E12A0BA20EDB5F10035107F /* CustomerReviewViewController.swift */ = {isa = PBXFileReference; fileEncoding = 4; lastKnownFileType = sourcecode.swift; path = CustomerReviewViewController.swift; sourceTree = "<group>"; };
		2E12A0BC20EDB6190035107F /* MyPageScheduleViewController.swift */ = {isa = PBXFileReference; lastKnownFileType = sourcecode.swift; path = MyPageScheduleViewController.swift; sourceTree = "<group>"; };
		2E12A0BE20EDC9220035107F /* MyPageScheduleTableViewCell.swift */ = {isa = PBXFileReference; lastKnownFileType = sourcecode.swift; path = MyPageScheduleTableViewCell.swift; sourceTree = "<group>"; };
		2E12A0C020EE031E0035107F /* ReserveRequester.swift */ = {isa = PBXFileReference; lastKnownFileType = sourcecode.swift; path = ReserveRequester.swift; sourceTree = "<group>"; };
		2E4FC0962106E3FA007FA061 /* BookCompleteViewController.swift */ = {isa = PBXFileReference; lastKnownFileType = sourcecode.swift; path = BookCompleteViewController.swift; sourceTree = "<group>"; };
		2E67BDA82101B427004E3B17 /* StripeManager.swift */ = {isa = PBXFileReference; lastKnownFileType = sourcecode.swift; path = StripeManager.swift; sourceTree = "<group>"; };
		2E67BDAA2101B475004E3B17 /* StripeApiClient.swift */ = {isa = PBXFileReference; lastKnownFileType = sourcecode.swift; path = StripeApiClient.swift; sourceTree = "<group>"; };
		2E7DAA8E2105D2440076EE12 /* Loading.swift */ = {isa = PBXFileReference; lastKnownFileType = sourcecode.swift; path = Loading.swift; sourceTree = "<group>"; };
		2E7DAA902105D24C0076EE12 /* Loading.xib */ = {isa = PBXFileReference; lastKnownFileType = file.xib; path = Loading.xib; sourceTree = "<group>"; };
		2E7DAA922105D2600076EE12 /* Dialog.swift */ = {isa = PBXFileReference; lastKnownFileType = sourcecode.swift; path = Dialog.swift; sourceTree = "<group>"; };
		2E7DAA942105D26D0076EE12 /* DialogButton.swift */ = {isa = PBXFileReference; lastKnownFileType = sourcecode.swift; path = DialogButton.swift; sourceTree = "<group>"; };
		2E7DAA962105D2780076EE12 /* Dialog.xib */ = {isa = PBXFileReference; lastKnownFileType = file.xib; path = Dialog.xib; sourceTree = "<group>"; };
		2E7DAA982105D2800076EE12 /* DialogButton.xib */ = {isa = PBXFileReference; lastKnownFileType = file.xib; path = DialogButton.xib; sourceTree = "<group>"; };
		2E8D37602113E48100AF21E0 /* MyPageGuestButtonTableViewCell.swift */ = {isa = PBXFileReference; lastKnownFileType = sourcecode.swift; path = MyPageGuestButtonTableViewCell.swift; sourceTree = "<group>"; };
		2E8D37622113EA4800AF21E0 /* ImageStorage.swift */ = {isa = PBXFileReference; fileEncoding = 4; lastKnownFileType = sourcecode.swift; path = ImageStorage.swift; sourceTree = "<group>"; };
		2E8D3764211413D200AF21E0 /* MyPageHistoryTableViewCell.swift */ = {isa = PBXFileReference; lastKnownFileType = sourcecode.swift; path = MyPageHistoryTableViewCell.swift; sourceTree = "<group>"; };
		2E8D3766211415AB00AF21E0 /* CustomerReviewTableViewCell.swift */ = {isa = PBXFileReference; lastKnownFileType = sourcecode.swift; path = CustomerReviewTableViewCell.swift; sourceTree = "<group>"; };
		2E9403FF20E3307600362878 /* Constants.swift */ = {isa = PBXFileReference; lastKnownFileType = sourcecode.swift; path = Constants.swift; sourceTree = "<group>"; };
		2E94040120E3458F00362878 /* ImageUploader.swift */ = {isa = PBXFileReference; lastKnownFileType = sourcecode.swift; path = ImageUploader.swift; sourceTree = "<group>"; };
		2E94040320E3508700362878 /* SaveData.swift */ = {isa = PBXFileReference; lastKnownFileType = sourcecode.swift; path = SaveData.swift; sourceTree = "<group>"; };
		2E94040620E3528800362878 /* TabbarViewController.swift */ = {isa = PBXFileReference; lastKnownFileType = sourcecode.swift; path = TabbarViewController.swift; sourceTree = "<group>"; };
		2E94040820E3562200362878 /* UIImage+Resize.swift */ = {isa = PBXFileReference; lastKnownFileType = sourcecode.swift; path = "UIImage+Resize.swift"; sourceTree = "<group>"; };
		2E94040A20E36AD600362878 /* Common.storyboard */ = {isa = PBXFileReference; lastKnownFileType = file.storyboard; path = Common.storyboard; sourceTree = "<group>"; };
		2E94041020E36B7600362878 /* PickerViewController.swift */ = {isa = PBXFileReference; lastKnownFileType = sourcecode.swift; path = PickerViewController.swift; sourceTree = "<group>"; };
		2E94041220E36B8400362878 /* PickerTableViewCell.swift */ = {isa = PBXFileReference; lastKnownFileType = sourcecode.swift; path = PickerTableViewCell.swift; sourceTree = "<group>"; };
		2E94041520E370BD00362878 /* PlaceholderTextView.swift */ = {isa = PBXFileReference; lastKnownFileType = sourcecode.swift; path = PlaceholderTextView.swift; sourceTree = "<group>"; };
		2E94041720E370CD00362878 /* PlaceholderTextField.swift */ = {isa = PBXFileReference; lastKnownFileType = sourcecode.swift; path = PlaceholderTextField.swift; sourceTree = "<group>"; };
		2E94041920E3711300362878 /* UIColor+Original.swift */ = {isa = PBXFileReference; lastKnownFileType = sourcecode.swift; path = "UIColor+Original.swift"; sourceTree = "<group>"; };
		2E94041B20E3746A00362878 /* SplashViewController.swift */ = {isa = PBXFileReference; lastKnownFileType = sourcecode.swift; path = SplashViewController.swift; sourceTree = "<group>"; };
		2E94041D20E3767D00362878 /* GuideRequester.swift */ = {isa = PBXFileReference; lastKnownFileType = sourcecode.swift; path = GuideRequester.swift; sourceTree = "<group>"; };
		2E94042020E37BF500362878 /* GuideViewController.swift */ = {isa = PBXFileReference; lastKnownFileType = sourcecode.swift; path = GuideViewController.swift; sourceTree = "<group>"; };
		2E94042320E37C0B00362878 /* SearchViewController.swift */ = {isa = PBXFileReference; lastKnownFileType = sourcecode.swift; path = SearchViewController.swift; sourceTree = "<group>"; };
		2E94042620E37C2600362878 /* MessageViewController.swift */ = {isa = PBXFileReference; lastKnownFileType = sourcecode.swift; path = MessageViewController.swift; sourceTree = "<group>"; };
		2E94042920E37C3700362878 /* MyPageViewController.swift */ = {isa = PBXFileReference; lastKnownFileType = sourcecode.swift; path = MyPageViewController.swift; sourceTree = "<group>"; };
		2E94042B20E37D5F00362878 /* Guide.storyboard */ = {isa = PBXFileReference; lastKnownFileType = file.storyboard; path = Guide.storyboard; sourceTree = "<group>"; };
		2E94042D20E37D6900362878 /* Search.storyboard */ = {isa = PBXFileReference; lastKnownFileType = file.storyboard; path = Search.storyboard; sourceTree = "<group>"; };
		2E94042F20E37D7200362878 /* Message.storyboard */ = {isa = PBXFileReference; lastKnownFileType = file.storyboard; path = Message.storyboard; sourceTree = "<group>"; };
		2E94043120E37D7A00362878 /* MyPage.storyboard */ = {isa = PBXFileReference; lastKnownFileType = file.storyboard; path = MyPage.storyboard; sourceTree = "<group>"; };
		2E94043320E37F3B00362878 /* GuideTableViewCell.swift */ = {isa = PBXFileReference; lastKnownFileType = sourcecode.swift; path = GuideTableViewCell.swift; sourceTree = "<group>"; };
		2E94043720E3857A00362878 /* CommonUtility.swift */ = {isa = PBXFileReference; lastKnownFileType = sourcecode.swift; path = CommonUtility.swift; sourceTree = "<group>"; };
		2E94043920E386A200362878 /* EstimateRequester.swift */ = {isa = PBXFileReference; lastKnownFileType = sourcecode.swift; path = EstimateRequester.swift; sourceTree = "<group>"; };
		85D8F097BB5D617C900E952E /* Pods-GuideMatching.debug.xcconfig */ = {isa = PBXFileReference; includeInIndex = 1; lastKnownFileType = text.xcconfig; name = "Pods-GuideMatching.debug.xcconfig"; path = "Pods/Target Support Files/Pods-GuideMatching/Pods-GuideMatching.debug.xcconfig"; sourceTree = "<group>"; };
		BB5059D520E262AD00491506 /* GuideMatching.app */ = {isa = PBXFileReference; explicitFileType = wrapper.application; includeInIndex = 0; path = GuideMatching.app; sourceTree = BUILT_PRODUCTS_DIR; };
		BB5059D820E262AD00491506 /* AppDelegate.swift */ = {isa = PBXFileReference; lastKnownFileType = sourcecode.swift; path = AppDelegate.swift; sourceTree = "<group>"; };
		BB5059DF20E262AE00491506 /* Assets.xcassets */ = {isa = PBXFileReference; lastKnownFileType = folder.assetcatalog; path = Assets.xcassets; sourceTree = "<group>"; };
		BB5059E220E262AE00491506 /* Base */ = {isa = PBXFileReference; lastKnownFileType = file.storyboard; name = Base; path = Base.lproj/LaunchScreen.storyboard; sourceTree = "<group>"; };
		BB5059E420E262AE00491506 /* Info.plist */ = {isa = PBXFileReference; lastKnownFileType = text.plist.xml; path = Info.plist; sourceTree = "<group>"; };
		BB5059EE20E2657000491506 /* UserSelectViewController.swift */ = {isa = PBXFileReference; lastKnownFileType = sourcecode.swift; path = UserSelectViewController.swift; sourceTree = "<group>"; };
		BB5059F020E2658200491506 /* GuestRegisterViewController.swift */ = {isa = PBXFileReference; lastKnownFileType = sourcecode.swift; path = GuestRegisterViewController.swift; sourceTree = "<group>"; };
		BB5059F220E2658F00491506 /* GuideRegisterViewController.swift */ = {isa = PBXFileReference; lastKnownFileType = sourcecode.swift; path = GuideRegisterViewController.swift; sourceTree = "<group>"; };
		BB5059F420E265A500491506 /* Initial.storyboard */ = {isa = PBXFileReference; lastKnownFileType = file.storyboard; path = Initial.storyboard; sourceTree = "<group>"; };
		BB5059F720E2675800491506 /* CALayer+Border.swift */ = {isa = PBXFileReference; lastKnownFileType = sourcecode.swift; path = "CALayer+Border.swift"; sourceTree = "<group>"; };
		BB5059F920E2677200491506 /* String+Base64.swift */ = {isa = PBXFileReference; lastKnownFileType = sourcecode.swift; path = "String+Base64.swift"; sourceTree = "<group>"; };
		BB5059FB20E267B200491506 /* UIViewController+Scene.swift */ = {isa = PBXFileReference; lastKnownFileType = sourcecode.swift; path = "UIViewController+Scene.swift"; sourceTree = "<group>"; };
		BB505A0120E26F8500491506 /* HttpManager.swift */ = {isa = PBXFileReference; lastKnownFileType = sourcecode.swift; path = HttpManager.swift; sourceTree = "<group>"; };
		BB505A0320E26F8D00491506 /* ApiManager.swift */ = {isa = PBXFileReference; lastKnownFileType = sourcecode.swift; path = ApiManager.swift; sourceTree = "<group>"; };
		BB505A0620E2703C00491506 /* AccountRequester.swift */ = {isa = PBXFileReference; lastKnownFileType = sourcecode.swift; path = AccountRequester.swift; sourceTree = "<group>"; };
		BB9F4208211338E400350461 /* MyPageHistoryViewController.swift */ = {isa = PBXFileReference; lastKnownFileType = sourcecode.swift; path = MyPageHistoryViewController.swift; sourceTree = "<group>"; };
		BB9F420B2113394000350461 /* MyPageProfileViewController.swift */ = {isa = PBXFileReference; lastKnownFileType = sourcecode.swift; path = MyPageProfileViewController.swift; sourceTree = "<group>"; };
		BB9F420E2113395E00350461 /* MyPagePaymentViewController.swift */ = {isa = PBXFileReference; lastKnownFileType = sourcecode.swift; path = MyPagePaymentViewController.swift; sourceTree = "<group>"; };
		BBFEBB1420E4D60D00C9F01C /* MessageTableViewCell.swift */ = {isa = PBXFileReference; lastKnownFileType = sourcecode.swift; path = MessageTableViewCell.swift; sourceTree = "<group>"; };
		BBFEBB1720E4D6FE00C9F01C /* MessageDetailViewController.swift */ = {isa = PBXFileReference; lastKnownFileType = sourcecode.swift; path = MessageDetailViewController.swift; sourceTree = "<group>"; };
		BBFEBB1920E4D71300C9F01C /* MessageDetailLeftTableViewCell.swift */ = {isa = PBXFileReference; lastKnownFileType = sourcecode.swift; path = MessageDetailLeftTableViewCell.swift; sourceTree = "<group>"; };
		BBFEBB1B20E4D72000C9F01C /* MessageDetailRightTableViewCell.swift */ = {isa = PBXFileReference; lastKnownFileType = sourcecode.swift; path = MessageDetailRightTableViewCell.swift; sourceTree = "<group>"; };
		BBFEBB1D20E4DD1400C9F01C /* MyPageReservationTitleTableViewCell.swift */ = {isa = PBXFileReference; lastKnownFileType = sourcecode.swift; path = MyPageReservationTitleTableViewCell.swift; sourceTree = "<group>"; };
		BBFEBB1F20E4DD3600C9F01C /* MyPageReservationTableViewCell.swift */ = {isa = PBXFileReference; lastKnownFileType = sourcecode.swift; path = MyPageReservationTableViewCell.swift; sourceTree = "<group>"; };
		BBFEBB2120E4DD5800C9F01C /* MyPageGuideButtonTableViewCell.swift */ = {isa = PBXFileReference; lastKnownFileType = sourcecode.swift; path = MyPageGuideButtonTableViewCell.swift; sourceTree = "<group>"; };
		BBFEBB2320E4DFC300C9F01C /* BookViewController.swift */ = {isa = PBXFileReference; lastKnownFileType = sourcecode.swift; path = BookViewController.swift; sourceTree = "<group>"; };
		BBFEBB2720E4E14F00C9F01C /* MyPageReservationNoneTableViewCell.swift */ = {isa = PBXFileReference; lastKnownFileType = sourcecode.swift; path = MyPageReservationNoneTableViewCell.swift; sourceTree = "<group>"; };
		BBFEBB2920E4E79C00C9F01C /* DateFormatter+Init.swift */ = {isa = PBXFileReference; lastKnownFileType = sourcecode.swift; path = "DateFormatter+Init.swift"; sourceTree = "<group>"; };
		BBFEBB2B20E504AB00C9F01C /* MessageRequester.swift */ = {isa = PBXFileReference; lastKnownFileType = sourcecode.swift; path = MessageRequester.swift; sourceTree = "<group>"; };
		BBFEBB2D20E50B9300C9F01C /* GuestRequester.swift */ = {isa = PBXFileReference; lastKnownFileType = sourcecode.swift; path = GuestRequester.swift; sourceTree = "<group>"; };
		BBFEBB2F20E50D9900C9F01C /* KeyboardRespondableViewController.swift */ = {isa = PBXFileReference; lastKnownFileType = sourcecode.swift; path = KeyboardRespondableViewController.swift; sourceTree = "<group>"; };
		BBFEBB3120E5129100C9F01C /* Date+Util.swift */ = {isa = PBXFileReference; lastKnownFileType = sourcecode.swift; path = "Date+Util.swift"; sourceTree = "<group>"; };
		EE6C7464361AFCC0C36AE0ED /* Pods_GuideMatching.framework */ = {isa = PBXFileReference; explicitFileType = wrapper.framework; includeInIndex = 0; path = Pods_GuideMatching.framework; sourceTree = BUILT_PRODUCTS_DIR; };
/* End PBXFileReference section */

/* Begin PBXFrameworksBuildPhase section */
		BB5059D220E262AD00491506 /* Frameworks */ = {
			isa = PBXFrameworksBuildPhase;
			buildActionMask = 2147483647;
			files = (
				D77CACB4E0C953ADB32802C5 /* Pods_GuideMatching.framework in Frameworks */,
			);
			runOnlyForDeploymentPostprocessing = 0;
		};
/* End PBXFrameworksBuildPhase section */

/* Begin PBXGroup section */
		2E11B3E720EC7591002441EB /* Detail */ = {
			isa = PBXGroup;
			children = (
				2E11B3E820EC75B6002441EB /* GuideDetailViewController.swift */,
				2E11B3EA20EC75ED002441EB /* GuideDetailScheduleView.swift */,
				2E11B3EC20EC869D002441EB /* GuideDetailScheduleView.xib */,
				2E11B3EE20EC9099002441EB /* GuideDetailScheduleTableViewCell.swift */,
				2E11B3F020EC90EC002441EB /* GuideDetailScheduleTableViewCell.xib */,
			);
			path = Detail;
			sourceTree = "<group>";
		};
		2E12A0B820EDB5D10035107F /* Schedule */ = {
			isa = PBXGroup;
			children = (
				2E12A0BC20EDB6190035107F /* MyPageScheduleViewController.swift */,
				2E12A0BE20EDC9220035107F /* MyPageScheduleTableViewCell.swift */,
			);
			path = Schedule;
			sourceTree = "<group>";
		};
		2E12A0B920EDB5DA0035107F /* Review */ = {
			isa = PBXGroup;
			children = (
				2E12A0BA20EDB5F10035107F /* CustomerReviewViewController.swift */,
				2E8D3766211415AB00AF21E0 /* CustomerReviewTableViewCell.swift */,
			);
			path = Review;
			sourceTree = "<group>";
		};
		2E67BDA72101B40E004E3B17 /* Stripe */ = {
			isa = PBXGroup;
			children = (
				2E67BDA82101B427004E3B17 /* StripeManager.swift */,
				2E67BDAA2101B475004E3B17 /* StripeApiClient.swift */,
			);
			path = Stripe;
			sourceTree = "<group>";
		};
		2E7DAA8C2105D1CE0076EE12 /* Loading */ = {
			isa = PBXGroup;
			children = (
				2E7DAA8E2105D2440076EE12 /* Loading.swift */,
				2E7DAA902105D24C0076EE12 /* Loading.xib */,
			);
			path = Loading;
			sourceTree = "<group>";
		};
		2E7DAA8D2105D1D90076EE12 /* Dialog */ = {
			isa = PBXGroup;
			children = (
				2E7DAA922105D2600076EE12 /* Dialog.swift */,
				2E7DAA962105D2780076EE12 /* Dialog.xib */,
				2E7DAA942105D26D0076EE12 /* DialogButton.swift */,
				2E7DAA982105D2800076EE12 /* DialogButton.xib */,
			);
			path = Dialog;
			sourceTree = "<group>";
		};
		2E9403FE20E3306400362878 /* System */ = {
			isa = PBXGroup;
			children = (
				2E94040320E3508700362878 /* SaveData.swift */,
				2E9403FF20E3307600362878 /* Constants.swift */,
				2E94043720E3857A00362878 /* CommonUtility.swift */,
			);
			path = System;
			sourceTree = "<group>";
		};
		2E94040520E3527600362878 /* Tabbar */ = {
			isa = PBXGroup;
			children = (
				2E94040620E3528800362878 /* TabbarViewController.swift */,
			);
			path = Tabbar;
			sourceTree = "<group>";
		};
		2E94040C20E36B5100362878 /* Common */ = {
			isa = PBXGroup;
			children = (
				2E7DAA8D2105D1D90076EE12 /* Dialog */,
				2E7DAA8C2105D1CE0076EE12 /* Loading */,
				2E94041420E370A700362878 /* Placeholder */,
				2E94040F20E36B6600362878 /* Picker */,
				BBFEBB2F20E50D9900C9F01C /* KeyboardRespondableViewController.swift */,
			);
			path = Common;
			sourceTree = "<group>";
		};
		2E94040F20E36B6600362878 /* Picker */ = {
			isa = PBXGroup;
			children = (
				2E94041020E36B7600362878 /* PickerViewController.swift */,
				2E94041220E36B8400362878 /* PickerTableViewCell.swift */,
			);
			path = Picker;
			sourceTree = "<group>";
		};
		2E94041420E370A700362878 /* Placeholder */ = {
			isa = PBXGroup;
			children = (
				2E94041520E370BD00362878 /* PlaceholderTextView.swift */,
				2E94041720E370CD00362878 /* PlaceholderTextField.swift */,
			);
			path = Placeholder;
			sourceTree = "<group>";
		};
		2E94041F20E37BE500362878 /* Guide */ = {
			isa = PBXGroup;
			children = (
				2E94042020E37BF500362878 /* GuideViewController.swift */,
				2E94043320E37F3B00362878 /* GuideTableViewCell.swift */,
				2E11B3E720EC7591002441EB /* Detail */,
				BBFEBB2320E4DFC300C9F01C /* BookViewController.swift */,
				2E4FC0962106E3FA007FA061 /* BookCompleteViewController.swift */,
			);
			path = Guide;
			sourceTree = "<group>";
		};
		2E94042220E37BFA00362878 /* Search */ = {
			isa = PBXGroup;
			children = (
				2E94042320E37C0B00362878 /* SearchViewController.swift */,
			);
			path = Search;
			sourceTree = "<group>";
		};
		2E94042520E37C1600362878 /* Message */ = {
			isa = PBXGroup;
			children = (
				2E94042620E37C2600362878 /* MessageViewController.swift */,
				BBFEBB1420E4D60D00C9F01C /* MessageTableViewCell.swift */,
				BBFEBB1620E4D6ED00C9F01C /* Detail */,
			);
			path = Message;
			sourceTree = "<group>";
		};
		2E94042820E37C2900362878 /* MyPage */ = {
			isa = PBXGroup;
			children = (
				2E94042920E37C3700362878 /* MyPageViewController.swift */,
				BBFEBB1D20E4DD1400C9F01C /* MyPageReservationTitleTableViewCell.swift */,
				BBFEBB1F20E4DD3600C9F01C /* MyPageReservationTableViewCell.swift */,
				BBFEBB2720E4E14F00C9F01C /* MyPageReservationNoneTableViewCell.swift */,
				BBFEBB2120E4DD5800C9F01C /* MyPageGuideButtonTableViewCell.swift */,
				2E8D37602113E48100AF21E0 /* MyPageGuestButtonTableViewCell.swift */,
				BB9F4207211338C200350461 /* History */,
				2E12A0B820EDB5D10035107F /* Schedule */,
				BB9F420A2113393000350461 /* Profile */,
				BB9F420D2113394D00350461 /* Payment */,
				2E12A0B920EDB5DA0035107F /* Review */,
			);
			path = MyPage;
			sourceTree = "<group>";
		};
		B011FE2620F66DDF86D51329 /* Pods */ = {
			isa = PBXGroup;
			children = (
				85D8F097BB5D617C900E952E /* Pods-GuideMatching.debug.xcconfig */,
				0556FD5064AAFDEC4775D2D8 /* Pods-GuideMatching.release.xcconfig */,
			);
			name = Pods;
			sourceTree = "<group>";
		};
		BB5059CC20E262AD00491506 = {
			isa = PBXGroup;
			children = (
				BB5059D720E262AD00491506 /* GuideMatching */,
				BB5059D620E262AD00491506 /* Products */,
				B011FE2620F66DDF86D51329 /* Pods */,
				D9B917AA0E60E4C8138F6A00 /* Frameworks */,
			);
			sourceTree = "<group>";
		};
		BB5059D620E262AD00491506 /* Products */ = {
			isa = PBXGroup;
			children = (
				BB5059D520E262AD00491506 /* GuideMatching.app */,
			);
			name = Products;
			sourceTree = "<group>";
		};
		BB5059D720E262AD00491506 /* GuideMatching */ = {
			isa = PBXGroup;
			children = (
				BB5059EA20E264C200491506 /* View */,
				BB505A0020E26F7500491506 /* Http */,
				BB5059F620E2673A00491506 /* Extension */,
				2E9403FE20E3306400362878 /* System */,
				BB5059EB20E264C600491506 /* Storyboard */,
				BB5059D820E262AD00491506 /* AppDelegate.swift */,
				BB5059DF20E262AE00491506 /* Assets.xcassets */,
				BB5059E120E262AE00491506 /* LaunchScreen.storyboard */,
				BB5059E420E262AE00491506 /* Info.plist */,
			);
			path = GuideMatching;
			sourceTree = "<group>";
		};
		BB5059EA20E264C200491506 /* View */ = {
			isa = PBXGroup;
			children = (
				BB5059EC20E264D400491506 /* Initial */,
				2E94040520E3527600362878 /* Tabbar */,
				2E94041F20E37BE500362878 /* Guide */,
				2E94042220E37BFA00362878 /* Search */,
				2E94042520E37C1600362878 /* Message */,
				2E94042820E37C2900362878 /* MyPage */,
				2E94040C20E36B5100362878 /* Common */,
			);
			path = View;
			sourceTree = "<group>";
		};
		BB5059EB20E264C600491506 /* Storyboard */ = {
			isa = PBXGroup;
			children = (
				BB5059F420E265A500491506 /* Initial.storyboard */,
				2E94042B20E37D5F00362878 /* Guide.storyboard */,
				2E94042D20E37D6900362878 /* Search.storyboard */,
				2E94042F20E37D7200362878 /* Message.storyboard */,
				2E94043120E37D7A00362878 /* MyPage.storyboard */,
				2E94040A20E36AD600362878 /* Common.storyboard */,
			);
			path = Storyboard;
			sourceTree = "<group>";
		};
		BB5059EC20E264D400491506 /* Initial */ = {
			isa = PBXGroup;
			children = (
				2E94041B20E3746A00362878 /* SplashViewController.swift */,
				BB5059EE20E2657000491506 /* UserSelectViewController.swift */,
				BB5059F020E2658200491506 /* GuestRegisterViewController.swift */,
				BB5059F220E2658F00491506 /* GuideRegisterViewController.swift */,
			);
			path = Initial;
			sourceTree = "<group>";
		};
		BB5059F620E2673A00491506 /* Extension */ = {
			isa = PBXGroup;
			children = (
				BB5059F720E2675800491506 /* CALayer+Border.swift */,
				BB5059F920E2677200491506 /* String+Base64.swift */,
				BB5059FB20E267B200491506 /* UIViewController+Scene.swift */,
				2E94040820E3562200362878 /* UIImage+Resize.swift */,
				2E94041920E3711300362878 /* UIColor+Original.swift */,
				BBFEBB2920E4E79C00C9F01C /* DateFormatter+Init.swift */,
				BBFEBB3120E5129100C9F01C /* Date+Util.swift */,
			);
			path = Extension;
			sourceTree = "<group>";
		};
		BB505A0020E26F7500491506 /* Http */ = {
			isa = PBXGroup;
			children = (
				BB505A0120E26F8500491506 /* HttpManager.swift */,
				BB505A0320E26F8D00491506 /* ApiManager.swift */,
				BB505A0520E2702100491506 /* Requester */,
				2E8D37622113EA4800AF21E0 /* ImageStorage.swift */,
				2E94040120E3458F00362878 /* ImageUploader.swift */,
				2E67BDA72101B40E004E3B17 /* Stripe */,
			);
			path = Http;
			sourceTree = "<group>";
		};
		BB505A0520E2702100491506 /* Requester */ = {
			isa = PBXGroup;
			children = (
				BB505A0620E2703C00491506 /* AccountRequester.swift */,
				2E94041D20E3767D00362878 /* GuideRequester.swift */,
				BBFEBB2D20E50B9300C9F01C /* GuestRequester.swift */,
				2E94043920E386A200362878 /* EstimateRequester.swift */,
				BBFEBB2B20E504AB00C9F01C /* MessageRequester.swift */,
				2E12A0C020EE031E0035107F /* ReserveRequester.swift */,
			);
			path = Requester;
			sourceTree = "<group>";
		};
		BB9F4207211338C200350461 /* History */ = {
			isa = PBXGroup;
			children = (
				BB9F4208211338E400350461 /* MyPageHistoryViewController.swift */,
				2E8D3764211413D200AF21E0 /* MyPageHistoryTableViewCell.swift */,
			);
			path = History;
			sourceTree = "<group>";
		};
		BB9F420A2113393000350461 /* Profile */ = {
			isa = PBXGroup;
			children = (
				BB9F420B2113394000350461 /* MyPageProfileViewController.swift */,
			);
			path = Profile;
			sourceTree = "<group>";
		};
		BB9F420D2113394D00350461 /* Payment */ = {
			isa = PBXGroup;
			children = (
				BB9F420E2113395E00350461 /* MyPagePaymentViewController.swift */,
			);
			path = Payment;
			sourceTree = "<group>";
		};
		BBFEBB1620E4D6ED00C9F01C /* Detail */ = {
			isa = PBXGroup;
			children = (
				BBFEBB1720E4D6FE00C9F01C /* MessageDetailViewController.swift */,
				BBFEBB1920E4D71300C9F01C /* MessageDetailLeftTableViewCell.swift */,
				BBFEBB1B20E4D72000C9F01C /* MessageDetailRightTableViewCell.swift */,
			);
			path = Detail;
			sourceTree = "<group>";
		};
		D9B917AA0E60E4C8138F6A00 /* Frameworks */ = {
			isa = PBXGroup;
			children = (
				EE6C7464361AFCC0C36AE0ED /* Pods_GuideMatching.framework */,
			);
			name = Frameworks;
			sourceTree = "<group>";
		};
/* End PBXGroup section */

/* Begin PBXNativeTarget section */
		BB5059D420E262AD00491506 /* GuideMatching */ = {
			isa = PBXNativeTarget;
			buildConfigurationList = BB5059E720E262AE00491506 /* Build configuration list for PBXNativeTarget "GuideMatching" */;
			buildPhases = (
				65B91E376F7FD6F4478E5962 /* [CP] Check Pods Manifest.lock */,
				BB5059D120E262AD00491506 /* Sources */,
				BB5059D220E262AD00491506 /* Frameworks */,
				BB5059D320E262AD00491506 /* Resources */,
				938085E06C2ECC2CC0BD2DE6 /* [CP] Embed Pods Frameworks */,
			);
			buildRules = (
			);
			dependencies = (
			);
			name = GuideMatching;
			productName = GuideMatching;
			productReference = BB5059D520E262AD00491506 /* GuideMatching.app */;
			productType = "com.apple.product-type.application";
		};
/* End PBXNativeTarget section */

/* Begin PBXProject section */
		BB5059CD20E262AD00491506 /* Project object */ = {
			isa = PBXProject;
			attributes = {
				LastSwiftUpdateCheck = 0930;
				LastUpgradeCheck = 0930;
				ORGANIZATIONNAME = "Leapfrog-Inc";
				TargetAttributes = {
					BB5059D420E262AD00491506 = {
						CreatedOnToolsVersion = 9.3;
					};
				};
			};
			buildConfigurationList = BB5059D020E262AD00491506 /* Build configuration list for PBXProject "GuideMatching" */;
			compatibilityVersion = "Xcode 9.3";
			developmentRegion = en;
			hasScannedForEncodings = 0;
			knownRegions = (
				en,
				Base,
			);
			mainGroup = BB5059CC20E262AD00491506;
			productRefGroup = BB5059D620E262AD00491506 /* Products */;
			projectDirPath = "";
			projectRoot = "";
			targets = (
				BB5059D420E262AD00491506 /* GuideMatching */,
			);
		};
/* End PBXProject section */

/* Begin PBXResourcesBuildPhase section */
		BB5059D320E262AD00491506 /* Resources */ = {
			isa = PBXResourcesBuildPhase;
			buildActionMask = 2147483647;
			files = (
				2E11B3ED20EC869D002441EB /* GuideDetailScheduleView.xib in Resources */,
				2E94042C20E37D5F00362878 /* Guide.storyboard in Resources */,
				2E11B3F120EC90EC002441EB /* GuideDetailScheduleTableViewCell.xib in Resources */,
				BB5059F520E265A500491506 /* Initial.storyboard in Resources */,
				2E7DAA912105D24C0076EE12 /* Loading.xib in Resources */,
				2E94040B20E36AD600362878 /* Common.storyboard in Resources */,
				2E94043220E37D7A00362878 /* MyPage.storyboard in Resources */,
				BB5059E320E262AE00491506 /* LaunchScreen.storyboard in Resources */,
				2E94042E20E37D6900362878 /* Search.storyboard in Resources */,
				BB5059E020E262AE00491506 /* Assets.xcassets in Resources */,
				2E7DAA992105D2800076EE12 /* DialogButton.xib in Resources */,
				2E94043020E37D7200362878 /* Message.storyboard in Resources */,
				2E7DAA972105D2780076EE12 /* Dialog.xib in Resources */,
			);
			runOnlyForDeploymentPostprocessing = 0;
		};
/* End PBXResourcesBuildPhase section */

/* Begin PBXShellScriptBuildPhase section */
		65B91E376F7FD6F4478E5962 /* [CP] Check Pods Manifest.lock */ = {
			isa = PBXShellScriptBuildPhase;
			buildActionMask = 2147483647;
			files = (
			);
			inputPaths = (
				"${PODS_PODFILE_DIR_PATH}/Podfile.lock",
				"${PODS_ROOT}/Manifest.lock",
			);
			name = "[CP] Check Pods Manifest.lock";
			outputPaths = (
				"$(DERIVED_FILE_DIR)/Pods-GuideMatching-checkManifestLockResult.txt",
			);
			runOnlyForDeploymentPostprocessing = 0;
			shellPath = /bin/sh;
			shellScript = "diff \"${PODS_PODFILE_DIR_PATH}/Podfile.lock\" \"${PODS_ROOT}/Manifest.lock\" > /dev/null\nif [ $? != 0 ] ; then\n    # print error to STDERR\n    echo \"error: The sandbox is not in sync with the Podfile.lock. Run 'pod install' or update your CocoaPods installation.\" >&2\n    exit 1\nfi\n# This output is used by Xcode 'outputs' to avoid re-running this script phase.\necho \"SUCCESS\" > \"${SCRIPT_OUTPUT_FILE_0}\"\n";
			showEnvVarsInLog = 0;
		};
		938085E06C2ECC2CC0BD2DE6 /* [CP] Embed Pods Frameworks */ = {
			isa = PBXShellScriptBuildPhase;
			buildActionMask = 2147483647;
			files = (
			);
			inputPaths = (
				"${SRCROOT}/Pods/Target Support Files/Pods-GuideMatching/Pods-GuideMatching-frameworks.sh",
				"${BUILT_PRODUCTS_DIR}/Stripe/Stripe.framework",
			);
			name = "[CP] Embed Pods Frameworks";
			outputPaths = (
				"${TARGET_BUILD_DIR}/${FRAMEWORKS_FOLDER_PATH}/Stripe.framework",
			);
			runOnlyForDeploymentPostprocessing = 0;
			shellPath = /bin/sh;
			shellScript = "\"${SRCROOT}/Pods/Target Support Files/Pods-GuideMatching/Pods-GuideMatching-frameworks.sh\"\n";
			showEnvVarsInLog = 0;
		};
/* End PBXShellScriptBuildPhase section */

/* Begin PBXSourcesBuildPhase section */
		BB5059D120E262AD00491506 /* Sources */ = {
			isa = PBXSourcesBuildPhase;
			buildActionMask = 2147483647;
			files = (
				2E12A0BB20EDB5F10035107F /* CustomerReviewViewController.swift in Sources */,
				BBFEBB2A20E4E79C00C9F01C /* DateFormatter+Init.swift in Sources */,
				2E94041320E36B8400362878 /* PickerTableViewCell.swift in Sources */,
				2E94043820E3857A00362878 /* CommonUtility.swift in Sources */,
				2E11B3EB20EC75ED002441EB /* GuideDetailScheduleView.swift in Sources */,
				BBFEBB1820E4D6FE00C9F01C /* MessageDetailViewController.swift in Sources */,
				BB9F4209211338E400350461 /* MyPageHistoryViewController.swift in Sources */,
				BBFEBB2020E4DD3600C9F01C /* MyPageReservationTableViewCell.swift in Sources */,
				BB9F420F2113395E00350461 /* MyPagePaymentViewController.swift in Sources */,
				BB5059F820E2675800491506 /* CALayer+Border.swift in Sources */,
				2E94040020E3307600362878 /* Constants.swift in Sources */,
				2E7DAA8F2105D2440076EE12 /* Loading.swift in Sources */,
				2E7DAA932105D2600076EE12 /* Dialog.swift in Sources */,
				2E94041620E370BD00362878 /* PlaceholderTextView.swift in Sources */,
				2E94041120E36B7600362878 /* PickerViewController.swift in Sources */,
				2E67BDA92101B427004E3B17 /* StripeManager.swift in Sources */,
				BBFEBB2420E4DFC300C9F01C /* BookViewController.swift in Sources */,
				BBFEBB2C20E504AB00C9F01C /* MessageRequester.swift in Sources */,
				2E94042120E37BF500362878 /* GuideViewController.swift in Sources */,
				2E67BDAB2101B475004E3B17 /* StripeApiClient.swift in Sources */,
				BBFEBB2E20E50B9300C9F01C /* GuestRequester.swift in Sources */,
				2E94040720E3528800362878 /* TabbarViewController.swift in Sources */,
				BBFEBB2220E4DD5800C9F01C /* MyPageGuideButtonTableViewCell.swift in Sources */,
				2E94042A20E37C3700362878 /* MyPageViewController.swift in Sources */,
				2E94040420E3508700362878 /* SaveData.swift in Sources */,
				BB5059FA20E2677200491506 /* String+Base64.swift in Sources */,
				2E7DAA952105D26D0076EE12 /* DialogButton.swift in Sources */,
				BB9F420C2113394000350461 /* MyPageProfileViewController.swift in Sources */,
				2E8D3765211413D200AF21E0 /* MyPageHistoryTableViewCell.swift in Sources */,
				BBFEBB3220E5129100C9F01C /* Date+Util.swift in Sources */,
				2E8D37612113E48100AF21E0 /* MyPageGuestButtonTableViewCell.swift in Sources */,
				2E94042720E37C2600362878 /* MessageViewController.swift in Sources */,
				BB505A0420E26F8D00491506 /* ApiManager.swift in Sources */,
				BB505A0720E2703C00491506 /* AccountRequester.swift in Sources */,
				2E94041820E370CD00362878 /* PlaceholderTextField.swift in Sources */,
				2E94043A20E386A200362878 /* EstimateRequester.swift in Sources */,
				2E12A0BF20EDC9220035107F /* MyPageScheduleTableViewCell.swift in Sources */,
				2E12A0BD20EDB6190035107F /* MyPageScheduleViewController.swift in Sources */,
				2E4FC0972106E3FA007FA061 /* BookCompleteViewController.swift in Sources */,
				BBFEBB1A20E4D71300C9F01C /* MessageDetailLeftTableViewCell.swift in Sources */,
				2E94040220E3458F00362878 /* ImageUploader.swift in Sources */,
				2E94041C20E3746A00362878 /* SplashViewController.swift in Sources */,
				2E94040920E3562200362878 /* UIImage+Resize.swift in Sources */,
				BB5059F120E2658200491506 /* GuestRegisterViewController.swift in Sources */,
				2E94041E20E3767D00362878 /* GuideRequester.swift in Sources */,
				2E8D3767211415AB00AF21E0 /* CustomerReviewTableViewCell.swift in Sources */,
				2E11B3E920EC75B6002441EB /* GuideDetailViewController.swift in Sources */,
				2E11B3EF20EC9099002441EB /* GuideDetailScheduleTableViewCell.swift in Sources */,
				2E94041A20E3711300362878 /* UIColor+Original.swift in Sources */,
				2E94042420E37C0B00362878 /* SearchViewController.swift in Sources */,
				2E8D37632113EA4900AF21E0 /* ImageStorage.swift in Sources */,
				BBFEBB2820E4E14F00C9F01C /* MyPageReservationNoneTableViewCell.swift in Sources */,
				BBFEBB1C20E4D72000C9F01C /* MessageDetailRightTableViewCell.swift in Sources */,
				BB505A0220E26F8500491506 /* HttpManager.swift in Sources */,
				BB5059D920E262AD00491506 /* AppDelegate.swift in Sources */,
				BBFEBB1E20E4DD1400C9F01C /* MyPageReservationTitleTableViewCell.swift in Sources */,
				BB5059F320E2658F00491506 /* GuideRegisterViewController.swift in Sources */,
				2E12A0C120EE031E0035107F /* ReserveRequester.swift in Sources */,
				BB5059FC20E267B200491506 /* UIViewController+Scene.swift in Sources */,
				BBFEBB1520E4D60D00C9F01C /* MessageTableViewCell.swift in Sources */,
				BBFEBB3020E50D9900C9F01C /* KeyboardRespondableViewController.swift in Sources */,
				BB5059EF20E2657000491506 /* UserSelectViewController.swift in Sources */,
				2E94043420E37F3B00362878 /* GuideTableViewCell.swift in Sources */,
			);
			runOnlyForDeploymentPostprocessing = 0;
		};
/* End PBXSourcesBuildPhase section */

/* Begin PBXVariantGroup section */
		BB5059E120E262AE00491506 /* LaunchScreen.storyboard */ = {
			isa = PBXVariantGroup;
			children = (
				BB5059E220E262AE00491506 /* Base */,
			);
			name = LaunchScreen.storyboard;
			sourceTree = "<group>";
		};
/* End PBXVariantGroup section */

/* Begin XCBuildConfiguration section */
		BB5059E520E262AE00491506 /* Debug */ = {
			isa = XCBuildConfiguration;
			buildSettings = {
				ALWAYS_SEARCH_USER_PATHS = NO;
				CLANG_ANALYZER_NONNULL = YES;
				CLANG_ANALYZER_NUMBER_OBJECT_CONVERSION = YES_AGGRESSIVE;
				CLANG_CXX_LANGUAGE_STANDARD = "gnu++14";
				CLANG_CXX_LIBRARY = "libc++";
				CLANG_ENABLE_MODULES = YES;
				CLANG_ENABLE_OBJC_ARC = YES;
				CLANG_ENABLE_OBJC_WEAK = YES;
				CLANG_WARN_BLOCK_CAPTURE_AUTORELEASING = YES;
				CLANG_WARN_BOOL_CONVERSION = YES;
				CLANG_WARN_COMMA = YES;
				CLANG_WARN_CONSTANT_CONVERSION = YES;
				CLANG_WARN_DEPRECATED_OBJC_IMPLEMENTATIONS = YES;
				CLANG_WARN_DIRECT_OBJC_ISA_USAGE = YES_ERROR;
				CLANG_WARN_DOCUMENTATION_COMMENTS = YES;
				CLANG_WARN_EMPTY_BODY = YES;
				CLANG_WARN_ENUM_CONVERSION = YES;
				CLANG_WARN_INFINITE_RECURSION = YES;
				CLANG_WARN_INT_CONVERSION = YES;
				CLANG_WARN_NON_LITERAL_NULL_CONVERSION = YES;
				CLANG_WARN_OBJC_IMPLICIT_RETAIN_SELF = YES;
				CLANG_WARN_OBJC_LITERAL_CONVERSION = YES;
				CLANG_WARN_OBJC_ROOT_CLASS = YES_ERROR;
				CLANG_WARN_RANGE_LOOP_ANALYSIS = YES;
				CLANG_WARN_STRICT_PROTOTYPES = YES;
				CLANG_WARN_SUSPICIOUS_MOVE = YES;
				CLANG_WARN_UNGUARDED_AVAILABILITY = YES_AGGRESSIVE;
				CLANG_WARN_UNREACHABLE_CODE = YES;
				CLANG_WARN__DUPLICATE_METHOD_MATCH = YES;
				CODE_SIGN_IDENTITY = "iPhone Developer";
				COPY_PHASE_STRIP = NO;
				DEBUG_INFORMATION_FORMAT = dwarf;
				ENABLE_STRICT_OBJC_MSGSEND = YES;
				ENABLE_TESTABILITY = YES;
				GCC_C_LANGUAGE_STANDARD = gnu11;
				GCC_DYNAMIC_NO_PIC = NO;
				GCC_NO_COMMON_BLOCKS = YES;
				GCC_OPTIMIZATION_LEVEL = 0;
				GCC_PREPROCESSOR_DEFINITIONS = (
					"DEBUG=1",
					"$(inherited)",
				);
				GCC_WARN_64_TO_32_BIT_CONVERSION = YES;
				GCC_WARN_ABOUT_RETURN_TYPE = YES_ERROR;
				GCC_WARN_UNDECLARED_SELECTOR = YES;
				GCC_WARN_UNINITIALIZED_AUTOS = YES_AGGRESSIVE;
				GCC_WARN_UNUSED_FUNCTION = YES;
				GCC_WARN_UNUSED_VARIABLE = YES;
				IPHONEOS_DEPLOYMENT_TARGET = 11.3;
				MTL_ENABLE_DEBUG_INFO = YES;
				ONLY_ACTIVE_ARCH = YES;
				SDKROOT = iphoneos;
				SWIFT_ACTIVE_COMPILATION_CONDITIONS = DEBUG;
				SWIFT_OPTIMIZATION_LEVEL = "-Onone";
			};
			name = Debug;
		};
		BB5059E620E262AE00491506 /* Release */ = {
			isa = XCBuildConfiguration;
			buildSettings = {
				ALWAYS_SEARCH_USER_PATHS = NO;
				CLANG_ANALYZER_NONNULL = YES;
				CLANG_ANALYZER_NUMBER_OBJECT_CONVERSION = YES_AGGRESSIVE;
				CLANG_CXX_LANGUAGE_STANDARD = "gnu++14";
				CLANG_CXX_LIBRARY = "libc++";
				CLANG_ENABLE_MODULES = YES;
				CLANG_ENABLE_OBJC_ARC = YES;
				CLANG_ENABLE_OBJC_WEAK = YES;
				CLANG_WARN_BLOCK_CAPTURE_AUTORELEASING = YES;
				CLANG_WARN_BOOL_CONVERSION = YES;
				CLANG_WARN_COMMA = YES;
				CLANG_WARN_CONSTANT_CONVERSION = YES;
				CLANG_WARN_DEPRECATED_OBJC_IMPLEMENTATIONS = YES;
				CLANG_WARN_DIRECT_OBJC_ISA_USAGE = YES_ERROR;
				CLANG_WARN_DOCUMENTATION_COMMENTS = YES;
				CLANG_WARN_EMPTY_BODY = YES;
				CLANG_WARN_ENUM_CONVERSION = YES;
				CLANG_WARN_INFINITE_RECURSION = YES;
				CLANG_WARN_INT_CONVERSION = YES;
				CLANG_WARN_NON_LITERAL_NULL_CONVERSION = YES;
				CLANG_WARN_OBJC_IMPLICIT_RETAIN_SELF = YES;
				CLANG_WARN_OBJC_LITERAL_CONVERSION = YES;
				CLANG_WARN_OBJC_ROOT_CLASS = YES_ERROR;
				CLANG_WARN_RANGE_LOOP_ANALYSIS = YES;
				CLANG_WARN_STRICT_PROTOTYPES = YES;
				CLANG_WARN_SUSPICIOUS_MOVE = YES;
				CLANG_WARN_UNGUARDED_AVAILABILITY = YES_AGGRESSIVE;
				CLANG_WARN_UNREACHABLE_CODE = YES;
				CLANG_WARN__DUPLICATE_METHOD_MATCH = YES;
				CODE_SIGN_IDENTITY = "iPhone Developer";
				COPY_PHASE_STRIP = NO;
				DEBUG_INFORMATION_FORMAT = "dwarf-with-dsym";
				ENABLE_NS_ASSERTIONS = NO;
				ENABLE_STRICT_OBJC_MSGSEND = YES;
				GCC_C_LANGUAGE_STANDARD = gnu11;
				GCC_NO_COMMON_BLOCKS = YES;
				GCC_WARN_64_TO_32_BIT_CONVERSION = YES;
				GCC_WARN_ABOUT_RETURN_TYPE = YES_ERROR;
				GCC_WARN_UNDECLARED_SELECTOR = YES;
				GCC_WARN_UNINITIALIZED_AUTOS = YES_AGGRESSIVE;
				GCC_WARN_UNUSED_FUNCTION = YES;
				GCC_WARN_UNUSED_VARIABLE = YES;
				IPHONEOS_DEPLOYMENT_TARGET = 11.3;
				MTL_ENABLE_DEBUG_INFO = NO;
				SDKROOT = iphoneos;
				SWIFT_COMPILATION_MODE = wholemodule;
				SWIFT_OPTIMIZATION_LEVEL = "-O";
				VALIDATE_PRODUCT = YES;
			};
			name = Release;
		};
		BB5059E820E262AE00491506 /* Debug */ = {
			isa = XCBuildConfiguration;
			baseConfigurationReference = 85D8F097BB5D617C900E952E /* Pods-GuideMatching.debug.xcconfig */;
			buildSettings = {
				ASSETCATALOG_COMPILER_APPICON_NAME = AppIcon;
				CODE_SIGN_STYLE = Manual;
				DEVELOPMENT_TEAM = "";
				INFOPLIST_FILE = GuideMatching/Info.plist;
				IPHONEOS_DEPLOYMENT_TARGET = 10.0;
				LD_RUNPATH_SEARCH_PATHS = (
					"$(inherited)",
					"@executable_path/Frameworks",
				);
				PRODUCT_BUNDLE_IDENTIFIER = "Leapfrog-Inc.GuideMatching";
				PRODUCT_NAME = "$(TARGET_NAME)";
				PROVISIONING_PROFILE_SPECIFIER = "";
				SWIFT_VERSION = 4.0;
				TARGETED_DEVICE_FAMILY = 1;
			};
			name = Debug;
		};
		BB5059E920E262AE00491506 /* Release */ = {
			isa = XCBuildConfiguration;
			baseConfigurationReference = 0556FD5064AAFDEC4775D2D8 /* Pods-GuideMatching.release.xcconfig */;
			buildSettings = {
				ASSETCATALOG_COMPILER_APPICON_NAME = AppIcon;
				CODE_SIGN_IDENTITY = "iPhone Distribution";
				CODE_SIGN_STYLE = Manual;
				DEVELOPMENT_TEAM = E7F6AQV7VX;
				INFOPLIST_FILE = GuideMatching/Info.plist;
				IPHONEOS_DEPLOYMENT_TARGET = 10.0;
				LD_RUNPATH_SEARCH_PATHS = (
					"$(inherited)",
					"@executable_path/Frameworks",
				);
				PRODUCT_BUNDLE_IDENTIFIER = "Leapfrog-Inc.GuideMatching";
				PRODUCT_NAME = "$(TARGET_NAME)";
				PROVISIONING_PROFILE = "9373e93f-b1ac-4dfe-b369-f2776a9dfcd8";
				PROVISIONING_PROFILE_SPECIFIER = "GuideMatching-Adhoc-20180628-2";
				SWIFT_VERSION = 4.0;
				TARGETED_DEVICE_FAMILY = 1;
			};
			name = Release;
		};
/* End XCBuildConfiguration section */

/* Begin XCConfigurationList section */
		BB5059D020E262AD00491506 /* Build configuration list for PBXProject "GuideMatching" */ = {
			isa = XCConfigurationList;
			buildConfigurations = (
				BB5059E520E262AE00491506 /* Debug */,
				BB5059E620E262AE00491506 /* Release */,
			);
			defaultConfigurationIsVisible = 0;
			defaultConfigurationName = Release;
		};
		BB5059E720E262AE00491506 /* Build configuration list for PBXNativeTarget "GuideMatching" */ = {
			isa = XCConfigurationList;
			buildConfigurations = (
				BB5059E820E262AE00491506 /* Debug */,
				BB5059E920E262AE00491506 /* Release */,
			);
			defaultConfigurationIsVisible = 0;
			defaultConfigurationName = Release;
		};
/* End XCConfigurationList section */
	};
	rootObject = BB5059CD20E262AD00491506 /* Project object */;
}
